
Microsoft Visual Studio Solution File, Format Version 12.00
# Visual Studio 15
VisualStudioVersion = 15.0.27004.2006
MinimumVisualStudioVersion = 10.0.40219.1
Project("{FAE04EC0-301F-11D3-BF4B-00C04F79EFBC}") = "ArrayStack", "ArrayStack\ArrayStack.csproj", "{1D640C5F-BDCE-47A6-A130-B01D6D524641}"
EndProject
Project("{FAE04EC0-301F-11D3-BF4B-00C04F79EFBC}") = "LinkedStack", "LinkedStack\LinkedStack.csproj", "{9CF0347A-E3F2-4FDB-9A87-A5E5B6F7DC8D}"
EndProject
Project("{FAE04EC0-301F-11D3-BF4B-00C04F79EFBC}") = "LinkedQueue", "LinkedQueue\LinkedQueue.csproj", "{11A32C61-03BD-4FCA-BD25-7B11B75FB052}"
EndProject
Project("{FAE04EC0-301F-11D3-BF4B-00C04F79EFBC}") = "Sequence N-M", "Sequence N-M\Sequence N-M.csproj", "{78A88558-ACF9-4BDD-ABB0-7D8EF4E48B34}"
EndProject
Global
	GlobalSection(SolutionConfigurationPlatforms) = preSolution
		Debug|Any CPU = Debug|Any CPU
		Release|Any CPU = Release|Any CPU
	EndGlobalSection
	GlobalSection(ProjectConfigurationPlatforms) = postSolution
		{1D640C5F-BDCE-47A6-A130-B01D6D524641}.Debug|Any CPU.ActiveCfg = Debug|Any CPU
		{1D640C5F-BDCE-47A6-A130-B01D6D524641}.Debug|Any CPU.Build.0 = Debug|Any CPU
		{1D640C5F-BDCE-47A6-A130-B01D6D524641}.Release|Any CPU.ActiveCfg = Release|Any CPU
		{1D640C5F-BDCE-47A6-A130-B01D6D524641}.Release|Any CPU.Build.0 = Release|Any CPU
		{9CF0347A-E3F2-4FDB-9A87-A5E5B6F7DC8D}.Debug|Any CPU.ActiveCfg = Debug|Any CPU
		{9CF0347A-E3F2-4FDB-9A87-A5E5B6F7DC8D}.Debug|Any CPU.Build.0 = Debug|Any CPU
		{9CF0347A-E3F2-4FDB-9A87-A5E5B6F7DC8D}.Release|Any CPU.ActiveCfg = Release|Any CPU
		{9CF0347A-E3F2-4FDB-9A87-A5E5B6F7DC8D}.Release|Any CPU.Build.0 = Release|Any CPU
		{11A32C61-03BD-4FCA-BD25-7B11B75FB052}.Debug|Any CPU.ActiveCfg = Debug|Any CPU
		{11A32C61-03BD-4FCA-BD25-7B11B75FB052}.Debug|Any CPU.Build.0 = Debug|Any CPU
		{11A32C61-03BD-4FCA-BD25-7B11B75FB052}.Release|Any CPU.ActiveCfg = Release|Any CPU
		{11A32C61-03BD-4FCA-BD25-7B11B75FB052}.Release|Any CPU.Build.0 = Release|Any CPU
		{78A88558-ACF9-4BDD-ABB0-7D8EF4E48B34}.Debug|Any CPU.ActiveCfg = Debug|Any CPU
		{78A88558-ACF9-4BDD-ABB0-7D8EF4E48B34}.Debug|Any CPU.Build.0 = Debug|Any CPU
		{78A88558-ACF9-4BDD-ABB0-7D8EF4E48B34}.Release|Any CPU.ActiveCfg = Release|Any CPU
		{78A88558-ACF9-4BDD-ABB0-7D8EF4E48B34}.Release|Any CPU.Build.0 = Release|Any CPU
	EndGlobalSection
	GlobalSection(SolutionProperties) = preSolution
		HideSolutionNode = FALSE
	EndGlobalSection
	GlobalSection(ExtensibilityGlobals) = postSolution
		SolutionGuid = {C11D4D38-99A7-4A72-A348-2212C589E586}
	EndGlobalSection
EndGlobal
