
Microsoft Visual Studio Solution File, Format Version 12.00
# Visual Studio 14
VisualStudioVersion = 14.0.25123.0
MinimumVisualStudioVersion = 10.0.40219.1
Project("{FAE04EC0-301F-11D3-BF4B-00C04F79EFBC}") = "01. Day of Week", "01. Day of Week\01. Day of Week.csproj", "{12C5C1C1-2A71-4C12-85EA-4B516A109351}"
EndProject
Project("{FAE04EC0-301F-11D3-BF4B-00C04F79EFBC}") = "02. Randomize Words", "02. Randomize Words\02. Randomize Words.csproj", "{9C5ED284-3CE3-468E-B0A2-40FB78C07DD7}"
EndProject
Project("{FAE04EC0-301F-11D3-BF4B-00C04F79EFBC}") = "03. Big Factorial", "03. Big Factorial\03. Big Factorial.csproj", "{F78E526B-2A28-44F7-B007-A411B7EEE00D}"
EndProject
Global
	GlobalSection(SolutionConfigurationPlatforms) = preSolution
		Debug|Any CPU = Debug|Any CPU
		Release|Any CPU = Release|Any CPU
	EndGlobalSection
	GlobalSection(ProjectConfigurationPlatforms) = postSolution
		{12C5C1C1-2A71-4C12-85EA-4B516A109351}.Debug|Any CPU.ActiveCfg = Debug|Any CPU
		{12C5C1C1-2A71-4C12-85EA-4B516A109351}.Debug|Any CPU.Build.0 = Debug|Any CPU
		{12C5C1C1-2A71-4C12-85EA-4B516A109351}.Release|Any CPU.ActiveCfg = Release|Any CPU
		{12C5C1C1-2A71-4C12-85EA-4B516A109351}.Release|Any CPU.Build.0 = Release|Any CPU
		{9C5ED284-3CE3-468E-B0A2-40FB78C07DD7}.Debug|Any CPU.ActiveCfg = Debug|Any CPU
		{9C5ED284-3CE3-468E-B0A2-40FB78C07DD7}.Debug|Any CPU.Build.0 = Debug|Any CPU
		{9C5ED284-3CE3-468E-B0A2-40FB78C07DD7}.Release|Any CPU.ActiveCfg = Release|Any CPU
		{9C5ED284-3CE3-468E-B0A2-40FB78C07DD7}.Release|Any CPU.Build.0 = Release|Any CPU
		{F78E526B-2A28-44F7-B007-A411B7EEE00D}.Debug|Any CPU.ActiveCfg = Debug|Any CPU
		{F78E526B-2A28-44F7-B007-A411B7EEE00D}.Debug|Any CPU.Build.0 = Debug|Any CPU
		{F78E526B-2A28-44F7-B007-A411B7EEE00D}.Release|Any CPU.ActiveCfg = Release|Any CPU
		{F78E526B-2A28-44F7-B007-A411B7EEE00D}.Release|Any CPU.Build.0 = Release|Any CPU
	EndGlobalSection
	GlobalSection(SolutionProperties) = preSolution
		HideSolutionNode = FALSE
	EndGlobalSection
EndGlobal
