
Microsoft Visual Studio Solution File, Format Version 12.00
# Visual Studio 14
VisualStudioVersion = 14.0.25123.0
MinimumVisualStudioVersion = 10.0.40219.1
Project("{FAE04EC0-301F-11D3-BF4B-00C04F79EFBC}") = "SumOfAllElementsOfMatrix", "SumOfAllElementsOfMatrix\SumOfAllElementsOfMatrix.csproj", "{693100F3-C5C6-4F36-B48A-CAB6D629899E}"
EndProject
Project("{FAE04EC0-301F-11D3-BF4B-00C04F79EFBC}") = "SquareWithMaximumSum", "SquareWithMaximumSum\SquareWithMaximumSum.csproj", "{9A43637E-1BC0-472D-82E4-B401D6427F3F}"
EndProject
Project("{FAE04EC0-301F-11D3-BF4B-00C04F79EFBC}") = "GroupNumbers", "GroupNumbers\GroupNumbers.csproj", "{CD8A08A3-2526-46AC-9A7C-43ACE84FBBC1}"
EndProject
Project("{FAE04EC0-301F-11D3-BF4B-00C04F79EFBC}") = "PascalTriangle", "PascalTriangle\PascalTriangle.csproj", "{D6BD7AF7-4D10-4E53-8E48-1A7C09EE7097}"
EndProject
Global
	GlobalSection(SolutionConfigurationPlatforms) = preSolution
		Debug|Any CPU = Debug|Any CPU
		Release|Any CPU = Release|Any CPU
	EndGlobalSection
	GlobalSection(ProjectConfigurationPlatforms) = postSolution
		{693100F3-C5C6-4F36-B48A-CAB6D629899E}.Debug|Any CPU.ActiveCfg = Debug|Any CPU
		{693100F3-C5C6-4F36-B48A-CAB6D629899E}.Debug|Any CPU.Build.0 = Debug|Any CPU
		{693100F3-C5C6-4F36-B48A-CAB6D629899E}.Release|Any CPU.ActiveCfg = Release|Any CPU
		{693100F3-C5C6-4F36-B48A-CAB6D629899E}.Release|Any CPU.Build.0 = Release|Any CPU
		{9A43637E-1BC0-472D-82E4-B401D6427F3F}.Debug|Any CPU.ActiveCfg = Debug|Any CPU
		{9A43637E-1BC0-472D-82E4-B401D6427F3F}.Debug|Any CPU.Build.0 = Debug|Any CPU
		{9A43637E-1BC0-472D-82E4-B401D6427F3F}.Release|Any CPU.ActiveCfg = Release|Any CPU
		{9A43637E-1BC0-472D-82E4-B401D6427F3F}.Release|Any CPU.Build.0 = Release|Any CPU
		{CD8A08A3-2526-46AC-9A7C-43ACE84FBBC1}.Debug|Any CPU.ActiveCfg = Debug|Any CPU
		{CD8A08A3-2526-46AC-9A7C-43ACE84FBBC1}.Debug|Any CPU.Build.0 = Debug|Any CPU
		{CD8A08A3-2526-46AC-9A7C-43ACE84FBBC1}.Release|Any CPU.ActiveCfg = Release|Any CPU
		{CD8A08A3-2526-46AC-9A7C-43ACE84FBBC1}.Release|Any CPU.Build.0 = Release|Any CPU
		{D6BD7AF7-4D10-4E53-8E48-1A7C09EE7097}.Debug|Any CPU.ActiveCfg = Debug|Any CPU
		{D6BD7AF7-4D10-4E53-8E48-1A7C09EE7097}.Debug|Any CPU.Build.0 = Debug|Any CPU
		{D6BD7AF7-4D10-4E53-8E48-1A7C09EE7097}.Release|Any CPU.ActiveCfg = Release|Any CPU
		{D6BD7AF7-4D10-4E53-8E48-1A7C09EE7097}.Release|Any CPU.Build.0 = Release|Any CPU
	EndGlobalSection
	GlobalSection(SolutionProperties) = preSolution
		HideSolutionNode = FALSE
	EndGlobalSection
EndGlobal
