
Microsoft Visual Studio Solution File, Format Version 12.00
# Visual Studio 15
VisualStudioVersion = 15.0.27703.2035
MinimumVisualStudioVersion = 10.0.40219.1
Project("{9A19103F-16F7-4668-BE54-9A1E7A4F7556}") = "FluffyDuffy", "WebApplication1\FluffyDuffy.csproj", "{544D393C-9424-420E-9300-D00F3445F6CF}"
EndProject
Project("{9A19103F-16F7-4668-BE54-9A1E7A4F7556}") = "FluffyDuffy.Data", "FluffyDuffy.Data\FluffyDuffy.Data.csproj", "{196FA1AF-92B8-40FF-8460-7221218ADC54}"
EndProject
Project("{FAE04EC0-301F-11D3-BF4B-00C04F79EFBC}") = "FluffyDuffy.Models", "FluffyDuffy.Models\FluffyDuffy.Models.csproj", "{5D7A535E-EAEC-42E2-B0E1-8B6E12C8BBF8}"
EndProject
Global
	GlobalSection(SolutionConfigurationPlatforms) = preSolution
		Debug|Any CPU = Debug|Any CPU
		Release|Any CPU = Release|Any CPU
	EndGlobalSection
	GlobalSection(ProjectConfigurationPlatforms) = postSolution
		{544D393C-9424-420E-9300-D00F3445F6CF}.Debug|Any CPU.ActiveCfg = Debug|Any CPU
		{544D393C-9424-420E-9300-D00F3445F6CF}.Debug|Any CPU.Build.0 = Debug|Any CPU
		{544D393C-9424-420E-9300-D00F3445F6CF}.Release|Any CPU.ActiveCfg = Release|Any CPU
		{544D393C-9424-420E-9300-D00F3445F6CF}.Release|Any CPU.Build.0 = Release|Any CPU
		{196FA1AF-92B8-40FF-8460-7221218ADC54}.Debug|Any CPU.ActiveCfg = Debug|Any CPU
		{196FA1AF-92B8-40FF-8460-7221218ADC54}.Debug|Any CPU.Build.0 = Debug|Any CPU
		{196FA1AF-92B8-40FF-8460-7221218ADC54}.Release|Any CPU.ActiveCfg = Release|Any CPU
		{196FA1AF-92B8-40FF-8460-7221218ADC54}.Release|Any CPU.Build.0 = Release|Any CPU
		{5D7A535E-EAEC-42E2-B0E1-8B6E12C8BBF8}.Debug|Any CPU.ActiveCfg = Debug|Any CPU
		{5D7A535E-EAEC-42E2-B0E1-8B6E12C8BBF8}.Debug|Any CPU.Build.0 = Debug|Any CPU
		{5D7A535E-EAEC-42E2-B0E1-8B6E12C8BBF8}.Release|Any CPU.ActiveCfg = Release|Any CPU
		{5D7A535E-EAEC-42E2-B0E1-8B6E12C8BBF8}.Release|Any CPU.Build.0 = Release|Any CPU
	EndGlobalSection
	GlobalSection(SolutionProperties) = preSolution
		HideSolutionNode = FALSE
	EndGlobalSection
	GlobalSection(ExtensibilityGlobals) = postSolution
		SolutionGuid = {940800DC-E021-4E06-A38C-C558A84AFA2D}
	EndGlobalSection
EndGlobal
