
Microsoft Visual Studio Solution File, Format Version 12.00
# Visual Studio 15
VisualStudioVersion = 15.0.27004.2006
MinimumVisualStudioVersion = 10.0.40219.1
Project("{FAE04EC0-301F-11D3-BF4B-00C04F79EFBC}") = "StartUp", "StartUp\StartUp.csproj", "{C7C5697A-E60B-4824-9861-BBAF68376C2D}"
EndProject
Global
	GlobalSection(SolutionConfigurationPlatforms) = preSolution
		Debug|Any CPU = Debug|Any CPU
		Release|Any CPU = Release|Any CPU
	EndGlobalSection
	GlobalSection(ProjectConfigurationPlatforms) = postSolution
		{C7C5697A-E60B-4824-9861-BBAF68376C2D}.Debug|Any CPU.ActiveCfg = Debug|Any CPU
		{C7C5697A-E60B-4824-9861-BBAF68376C2D}.Debug|Any CPU.Build.0 = Debug|Any CPU
		{C7C5697A-E60B-4824-9861-BBAF68376C2D}.Release|Any CPU.ActiveCfg = Release|Any CPU
		{C7C5697A-E60B-4824-9861-BBAF68376C2D}.Release|Any CPU.Build.0 = Release|Any CPU
	EndGlobalSection
	GlobalSection(SolutionProperties) = preSolution
		HideSolutionNode = FALSE
	EndGlobalSection
	GlobalSection(ExtensibilityGlobals) = postSolution
		SolutionGuid = {432BB11B-BC05-449D-86A6-522AA2914641}
	EndGlobalSection
EndGlobal
