
Microsoft Visual Studio Solution File, Format Version 12.00
# Visual Studio 15
VisualStudioVersion = 15.0.26430.16
MinimumVisualStudioVersion = 10.0.40219.1
Project("{FAE04EC0-301F-11D3-BF4B-00C04F79EFBC}") = "01. Class Box", "01. Class Box\01. Class Box.csproj", "{9170AFF9-466D-421C-94FC-53027EA4F5CD}"
EndProject
Project("{FAE04EC0-301F-11D3-BF4B-00C04F79EFBC}") = "03. Shopping Spree", "03. Shopping Spree\03. Shopping Spree.csproj", "{6773D853-BD29-4470-97F8-7243885F8E82}"
EndProject
Project("{FAE04EC0-301F-11D3-BF4B-00C04F79EFBC}") = "04. Pizza Calories", "04. Pizza Calories\04. Pizza Calories.csproj", "{54952FE6-6E24-4335-A1F5-9DC45D7A6685}"
EndProject
Global
	GlobalSection(SolutionConfigurationPlatforms) = preSolution
		Debug|Any CPU = Debug|Any CPU
		Release|Any CPU = Release|Any CPU
	EndGlobalSection
	GlobalSection(ProjectConfigurationPlatforms) = postSolution
		{9170AFF9-466D-421C-94FC-53027EA4F5CD}.Debug|Any CPU.ActiveCfg = Debug|Any CPU
		{9170AFF9-466D-421C-94FC-53027EA4F5CD}.Debug|Any CPU.Build.0 = Debug|Any CPU
		{9170AFF9-466D-421C-94FC-53027EA4F5CD}.Release|Any CPU.ActiveCfg = Release|Any CPU
		{9170AFF9-466D-421C-94FC-53027EA4F5CD}.Release|Any CPU.Build.0 = Release|Any CPU
		{6773D853-BD29-4470-97F8-7243885F8E82}.Debug|Any CPU.ActiveCfg = Debug|Any CPU
		{6773D853-BD29-4470-97F8-7243885F8E82}.Debug|Any CPU.Build.0 = Debug|Any CPU
		{6773D853-BD29-4470-97F8-7243885F8E82}.Release|Any CPU.ActiveCfg = Release|Any CPU
		{6773D853-BD29-4470-97F8-7243885F8E82}.Release|Any CPU.Build.0 = Release|Any CPU
		{54952FE6-6E24-4335-A1F5-9DC45D7A6685}.Debug|Any CPU.ActiveCfg = Debug|Any CPU
		{54952FE6-6E24-4335-A1F5-9DC45D7A6685}.Debug|Any CPU.Build.0 = Debug|Any CPU
		{54952FE6-6E24-4335-A1F5-9DC45D7A6685}.Release|Any CPU.ActiveCfg = Release|Any CPU
		{54952FE6-6E24-4335-A1F5-9DC45D7A6685}.Release|Any CPU.Build.0 = Release|Any CPU
	EndGlobalSection
	GlobalSection(SolutionProperties) = preSolution
		HideSolutionNode = FALSE
	EndGlobalSection
EndGlobal
