
Microsoft Visual Studio Solution File, Format Version 12.00
# Visual Studio 14
VisualStudioVersion = 14.0.25123.0
MinimumVisualStudioVersion = 10.0.40219.1
Project("{FAE04EC0-301F-11D3-BF4B-00C04F79EFBC}") = "01. Blank Receipt", "01. Blank Receipt\01. Blank Receipt.csproj", "{87A955CE-3DE0-41AE-AE1C-131543D1B7D9}"
EndProject
Project("{FAE04EC0-301F-11D3-BF4B-00C04F79EFBC}") = "02. Sign of Integer Number", "02. Sign of Integer Number\02. Sign of Integer Number.csproj", "{AF118957-BF27-4293-895B-6583CAE776DE}"
EndProject
Project("{FAE04EC0-301F-11D3-BF4B-00C04F79EFBC}") = "03. Printing Triangle", "03. Printing Triangle\03. Printing Triangle.csproj", "{EA2012B1-1A4A-473E-96D8-62AD0A772082}"
EndProject
Project("{FAE04EC0-301F-11D3-BF4B-00C04F79EFBC}") = "04. Draw a Filled Square", "04. Draw a Filled Square\04. Draw a Filled Square.csproj", "{30916CFF-D812-46B0-8847-8E26A6A2FDB6}"
EndProject
Project("{FAE04EC0-301F-11D3-BF4B-00C04F79EFBC}") = "05. Calculate Triangle Area", "05. Calculate Triangle Area\05. Calculate Triangle Area.csproj", "{8E471D32-9D90-4ADC-98D8-74A85D852D5C}"
EndProject
Project("{FAE04EC0-301F-11D3-BF4B-00C04F79EFBC}") = "06. Math Power", "06. Math Power\06. Math Power.csproj", "{95C4236F-8D14-4AC0-A343-F1AC26F1DE6A}"
EndProject
Project("{FAE04EC0-301F-11D3-BF4B-00C04F79EFBC}") = "07. Greater of Two Values", "07. Greater of Two Values\07. Greater of Two Values.csproj", "{C96D423B-E91D-4E43-908B-ADF0B4E5E34F}"
EndProject
Project("{FAE04EC0-301F-11D3-BF4B-00C04F79EFBC}") = "08. Multiply Evens by Odds", "08. Multiply Evens by Odds\08. Multiply Evens by Odds.csproj", "{4E02EAE5-B6A1-4C35-87F1-9DA8C65D419D}"
EndProject
Project("{FAE04EC0-301F-11D3-BF4B-00C04F79EFBC}") = "09. Holidays Between Two Dates", "09. Holidays Between Two Dates\09. Holidays Between Two Dates.csproj", "{4821AD78-C739-4D08-84AF-785DF5661A2B}"
EndProject
Project("{FAE04EC0-301F-11D3-BF4B-00C04F79EFBC}") = "10. Price Change Alert", "10. Price Change Alert\10. Price Change Alert.csproj", "{BB2C969A-7F44-4518-8775-55AA6B658E00}"
EndProject
Project("{FAE04EC0-301F-11D3-BF4B-00C04F79EFBC}") = "01. Hello, Name!", "01. Hello, Name!\01. Hello, Name!.csproj", "{838223C1-66B8-403F-97CB-CC827D423A21}"
EndProject
Project("{FAE04EC0-301F-11D3-BF4B-00C04F79EFBC}") = "02. Max Method", "02. Max Method\02. Max Method.csproj", "{82C237A3-5A64-4E73-BCF7-EE228BADE00C}"
EndProject
Project("{FAE04EC0-301F-11D3-BF4B-00C04F79EFBC}") = "03. English Name of Last Digit", "03. English Name of Last Digit\03. English Name of Last Digit.csproj", "{27BBD454-392E-44FE-9CC6-4A2778E68B6D}"
EndProject
Project("{FAE04EC0-301F-11D3-BF4B-00C04F79EFBC}") = "04. Numbers in Reversed Order", "04. Numbers in Reversed Order\04. Numbers in Reversed Order.csproj", "{880D91E3-26E1-4DE5-ADB9-D141639FD2FB}"
EndProject
Project("{FAE04EC0-301F-11D3-BF4B-00C04F79EFBC}") = "05. Fibonacci Numbers", "05. Fibonacci Numbers\05. Fibonacci Numbers.csproj", "{6A6663C8-AC1E-4311-A680-2BAE2C28EB9B}"
EndProject
Project("{FAE04EC0-301F-11D3-BF4B-00C04F79EFBC}") = "06. Prime Checker", "06. Prime Checker\06. Prime Checker.csproj", "{23825975-EEE6-487D-B799-43B9E8C8E734}"
EndProject
Project("{FAE04EC0-301F-11D3-BF4B-00C04F79EFBC}") = "07. Primes in Given Range", "07. Primes in Given Range\07. Primes in Given Range.csproj", "{7F7E4AAD-2C50-4C2D-B5D7-BA3BF549ECFD}"
EndProject
Project("{FAE04EC0-301F-11D3-BF4B-00C04F79EFBC}") = "08. Center Point", "08. Center Point\08. Center Point.csproj", "{9E93EF3F-872B-4ACF-95E7-BD162B8F9C89}"
EndProject
Project("{FAE04EC0-301F-11D3-BF4B-00C04F79EFBC}") = "15. Instruction Set", "15. Instruction Set\15. Instruction Set.csproj", "{399CC3A2-B99A-42F2-A531-9871DE929248}"
EndProject
Project("{FAE04EC0-301F-11D3-BF4B-00C04F79EFBC}") = "16. Be Positive", "16. Be Positive\16. Be Positive.csproj", "{456609DC-5308-466A-95F9-184C9B795222}"
EndProject
Project("{FAE04EC0-301F-11D3-BF4B-00C04F79EFBC}") = "17. Sequence of Commands", "17. Sequence of Commands\17. Sequence of Commands.csproj", "{2A6E0CD6-4CE6-40F0-9527-E811BAA04933}"
EndProject
Project("{FAE04EC0-301F-11D3-BF4B-00C04F79EFBC}") = "18. Substring", "18. Substring\18. Substring.csproj", "{3520DBAF-2BBD-4C1F-B90D-5E3FC31FEB88}"
EndProject
Project("{FAE04EC0-301F-11D3-BF4B-00C04F79EFBC}") = "13. Factorial", "13. Factorial\13. Factorial.csproj", "{CF0E68EE-97FC-4AD2-80FF-1AD23BE5B402}"
EndProject
Project("{FAE04EC0-301F-11D3-BF4B-00C04F79EFBC}") = "14. Factorial Trailing Zeroes", "14. Factorial Trailing Zeroes\14. Factorial Trailing Zeroes.csproj", "{31DD2E76-2208-498F-BAEB-35F1567AE102}"
EndProject
Project("{FAE04EC0-301F-11D3-BF4B-00C04F79EFBC}") = "11. Geometry Calculator", "11. Geometry Calculator\11. Geometry Calculator.csproj", "{169300AD-B21E-4A1B-9073-EE1D029E864D}"
EndProject
Project("{FAE04EC0-301F-11D3-BF4B-00C04F79EFBC}") = "09. Longer Line", "09. Longer Line\09. Longer Line.csproj", "{FF8DD174-0EBF-490D-8467-85A9F7812D15}"
EndProject
Project("{FAE04EC0-301F-11D3-BF4B-00C04F79EFBC}") = "10. Cube Properties", "10. Cube Properties\10. Cube Properties.csproj", "{88D74D38-8821-4C3E-93BB-9ACFE1E2971A}"
EndProject
Project("{FAE04EC0-301F-11D3-BF4B-00C04F79EFBC}") = "12. Master Number", "12. Master Number\12. Master Number.csproj", "{E51EB5AA-103D-43B2-A663-AB9A3CA00E93}"
EndProject
Global
	GlobalSection(SolutionConfigurationPlatforms) = preSolution
		Debug|Any CPU = Debug|Any CPU
		Release|Any CPU = Release|Any CPU
	EndGlobalSection
	GlobalSection(ProjectConfigurationPlatforms) = postSolution
		{87A955CE-3DE0-41AE-AE1C-131543D1B7D9}.Debug|Any CPU.ActiveCfg = Debug|Any CPU
		{87A955CE-3DE0-41AE-AE1C-131543D1B7D9}.Debug|Any CPU.Build.0 = Debug|Any CPU
		{87A955CE-3DE0-41AE-AE1C-131543D1B7D9}.Release|Any CPU.ActiveCfg = Release|Any CPU
		{87A955CE-3DE0-41AE-AE1C-131543D1B7D9}.Release|Any CPU.Build.0 = Release|Any CPU
		{AF118957-BF27-4293-895B-6583CAE776DE}.Debug|Any CPU.ActiveCfg = Debug|Any CPU
		{AF118957-BF27-4293-895B-6583CAE776DE}.Debug|Any CPU.Build.0 = Debug|Any CPU
		{AF118957-BF27-4293-895B-6583CAE776DE}.Release|Any CPU.ActiveCfg = Release|Any CPU
		{AF118957-BF27-4293-895B-6583CAE776DE}.Release|Any CPU.Build.0 = Release|Any CPU
		{EA2012B1-1A4A-473E-96D8-62AD0A772082}.Debug|Any CPU.ActiveCfg = Debug|Any CPU
		{EA2012B1-1A4A-473E-96D8-62AD0A772082}.Debug|Any CPU.Build.0 = Debug|Any CPU
		{EA2012B1-1A4A-473E-96D8-62AD0A772082}.Release|Any CPU.ActiveCfg = Release|Any CPU
		{EA2012B1-1A4A-473E-96D8-62AD0A772082}.Release|Any CPU.Build.0 = Release|Any CPU
		{30916CFF-D812-46B0-8847-8E26A6A2FDB6}.Debug|Any CPU.ActiveCfg = Debug|Any CPU
		{30916CFF-D812-46B0-8847-8E26A6A2FDB6}.Debug|Any CPU.Build.0 = Debug|Any CPU
		{30916CFF-D812-46B0-8847-8E26A6A2FDB6}.Release|Any CPU.ActiveCfg = Release|Any CPU
		{30916CFF-D812-46B0-8847-8E26A6A2FDB6}.Release|Any CPU.Build.0 = Release|Any CPU
		{8E471D32-9D90-4ADC-98D8-74A85D852D5C}.Debug|Any CPU.ActiveCfg = Debug|Any CPU
		{8E471D32-9D90-4ADC-98D8-74A85D852D5C}.Debug|Any CPU.Build.0 = Debug|Any CPU
		{8E471D32-9D90-4ADC-98D8-74A85D852D5C}.Release|Any CPU.ActiveCfg = Release|Any CPU
		{8E471D32-9D90-4ADC-98D8-74A85D852D5C}.Release|Any CPU.Build.0 = Release|Any CPU
		{95C4236F-8D14-4AC0-A343-F1AC26F1DE6A}.Debug|Any CPU.ActiveCfg = Debug|Any CPU
		{95C4236F-8D14-4AC0-A343-F1AC26F1DE6A}.Debug|Any CPU.Build.0 = Debug|Any CPU
		{95C4236F-8D14-4AC0-A343-F1AC26F1DE6A}.Release|Any CPU.ActiveCfg = Release|Any CPU
		{95C4236F-8D14-4AC0-A343-F1AC26F1DE6A}.Release|Any CPU.Build.0 = Release|Any CPU
		{C96D423B-E91D-4E43-908B-ADF0B4E5E34F}.Debug|Any CPU.ActiveCfg = Debug|Any CPU
		{C96D423B-E91D-4E43-908B-ADF0B4E5E34F}.Debug|Any CPU.Build.0 = Debug|Any CPU
		{C96D423B-E91D-4E43-908B-ADF0B4E5E34F}.Release|Any CPU.ActiveCfg = Release|Any CPU
		{C96D423B-E91D-4E43-908B-ADF0B4E5E34F}.Release|Any CPU.Build.0 = Release|Any CPU
		{4E02EAE5-B6A1-4C35-87F1-9DA8C65D419D}.Debug|Any CPU.ActiveCfg = Debug|Any CPU
		{4E02EAE5-B6A1-4C35-87F1-9DA8C65D419D}.Debug|Any CPU.Build.0 = Debug|Any CPU
		{4E02EAE5-B6A1-4C35-87F1-9DA8C65D419D}.Release|Any CPU.ActiveCfg = Release|Any CPU
		{4E02EAE5-B6A1-4C35-87F1-9DA8C65D419D}.Release|Any CPU.Build.0 = Release|Any CPU
		{4821AD78-C739-4D08-84AF-785DF5661A2B}.Debug|Any CPU.ActiveCfg = Debug|Any CPU
		{4821AD78-C739-4D08-84AF-785DF5661A2B}.Debug|Any CPU.Build.0 = Debug|Any CPU
		{4821AD78-C739-4D08-84AF-785DF5661A2B}.Release|Any CPU.ActiveCfg = Release|Any CPU
		{4821AD78-C739-4D08-84AF-785DF5661A2B}.Release|Any CPU.Build.0 = Release|Any CPU
		{BB2C969A-7F44-4518-8775-55AA6B658E00}.Debug|Any CPU.ActiveCfg = Debug|Any CPU
		{BB2C969A-7F44-4518-8775-55AA6B658E00}.Debug|Any CPU.Build.0 = Debug|Any CPU
		{BB2C969A-7F44-4518-8775-55AA6B658E00}.Release|Any CPU.ActiveCfg = Release|Any CPU
		{BB2C969A-7F44-4518-8775-55AA6B658E00}.Release|Any CPU.Build.0 = Release|Any CPU
		{838223C1-66B8-403F-97CB-CC827D423A21}.Debug|Any CPU.ActiveCfg = Debug|Any CPU
		{838223C1-66B8-403F-97CB-CC827D423A21}.Debug|Any CPU.Build.0 = Debug|Any CPU
		{838223C1-66B8-403F-97CB-CC827D423A21}.Release|Any CPU.ActiveCfg = Release|Any CPU
		{838223C1-66B8-403F-97CB-CC827D423A21}.Release|Any CPU.Build.0 = Release|Any CPU
		{82C237A3-5A64-4E73-BCF7-EE228BADE00C}.Debug|Any CPU.ActiveCfg = Debug|Any CPU
		{82C237A3-5A64-4E73-BCF7-EE228BADE00C}.Debug|Any CPU.Build.0 = Debug|Any CPU
		{82C237A3-5A64-4E73-BCF7-EE228BADE00C}.Release|Any CPU.ActiveCfg = Release|Any CPU
		{82C237A3-5A64-4E73-BCF7-EE228BADE00C}.Release|Any CPU.Build.0 = Release|Any CPU
		{27BBD454-392E-44FE-9CC6-4A2778E68B6D}.Debug|Any CPU.ActiveCfg = Debug|Any CPU
		{27BBD454-392E-44FE-9CC6-4A2778E68B6D}.Debug|Any CPU.Build.0 = Debug|Any CPU
		{27BBD454-392E-44FE-9CC6-4A2778E68B6D}.Release|Any CPU.ActiveCfg = Release|Any CPU
		{27BBD454-392E-44FE-9CC6-4A2778E68B6D}.Release|Any CPU.Build.0 = Release|Any CPU
		{880D91E3-26E1-4DE5-ADB9-D141639FD2FB}.Debug|Any CPU.ActiveCfg = Debug|Any CPU
		{880D91E3-26E1-4DE5-ADB9-D141639FD2FB}.Debug|Any CPU.Build.0 = Debug|Any CPU
		{880D91E3-26E1-4DE5-ADB9-D141639FD2FB}.Release|Any CPU.ActiveCfg = Release|Any CPU
		{880D91E3-26E1-4DE5-ADB9-D141639FD2FB}.Release|Any CPU.Build.0 = Release|Any CPU
		{6A6663C8-AC1E-4311-A680-2BAE2C28EB9B}.Debug|Any CPU.ActiveCfg = Debug|Any CPU
		{6A6663C8-AC1E-4311-A680-2BAE2C28EB9B}.Debug|Any CPU.Build.0 = Debug|Any CPU
		{6A6663C8-AC1E-4311-A680-2BAE2C28EB9B}.Release|Any CPU.ActiveCfg = Release|Any CPU
		{6A6663C8-AC1E-4311-A680-2BAE2C28EB9B}.Release|Any CPU.Build.0 = Release|Any CPU
		{23825975-EEE6-487D-B799-43B9E8C8E734}.Debug|Any CPU.ActiveCfg = Debug|Any CPU
		{23825975-EEE6-487D-B799-43B9E8C8E734}.Debug|Any CPU.Build.0 = Debug|Any CPU
		{23825975-EEE6-487D-B799-43B9E8C8E734}.Release|Any CPU.ActiveCfg = Release|Any CPU
		{23825975-EEE6-487D-B799-43B9E8C8E734}.Release|Any CPU.Build.0 = Release|Any CPU
		{7F7E4AAD-2C50-4C2D-B5D7-BA3BF549ECFD}.Debug|Any CPU.ActiveCfg = Debug|Any CPU
		{7F7E4AAD-2C50-4C2D-B5D7-BA3BF549ECFD}.Debug|Any CPU.Build.0 = Debug|Any CPU
		{7F7E4AAD-2C50-4C2D-B5D7-BA3BF549ECFD}.Release|Any CPU.ActiveCfg = Release|Any CPU
		{7F7E4AAD-2C50-4C2D-B5D7-BA3BF549ECFD}.Release|Any CPU.Build.0 = Release|Any CPU
		{9E93EF3F-872B-4ACF-95E7-BD162B8F9C89}.Debug|Any CPU.ActiveCfg = Debug|Any CPU
		{9E93EF3F-872B-4ACF-95E7-BD162B8F9C89}.Debug|Any CPU.Build.0 = Debug|Any CPU
		{9E93EF3F-872B-4ACF-95E7-BD162B8F9C89}.Release|Any CPU.ActiveCfg = Release|Any CPU
		{9E93EF3F-872B-4ACF-95E7-BD162B8F9C89}.Release|Any CPU.Build.0 = Release|Any CPU
		{399CC3A2-B99A-42F2-A531-9871DE929248}.Debug|Any CPU.ActiveCfg = Debug|Any CPU
		{399CC3A2-B99A-42F2-A531-9871DE929248}.Debug|Any CPU.Build.0 = Debug|Any CPU
		{399CC3A2-B99A-42F2-A531-9871DE929248}.Release|Any CPU.ActiveCfg = Release|Any CPU
		{399CC3A2-B99A-42F2-A531-9871DE929248}.Release|Any CPU.Build.0 = Release|Any CPU
		{456609DC-5308-466A-95F9-184C9B795222}.Debug|Any CPU.ActiveCfg = Debug|Any CPU
		{456609DC-5308-466A-95F9-184C9B795222}.Debug|Any CPU.Build.0 = Debug|Any CPU
		{456609DC-5308-466A-95F9-184C9B795222}.Release|Any CPU.ActiveCfg = Release|Any CPU
		{456609DC-5308-466A-95F9-184C9B795222}.Release|Any CPU.Build.0 = Release|Any CPU
		{2A6E0CD6-4CE6-40F0-9527-E811BAA04933}.Debug|Any CPU.ActiveCfg = Debug|Any CPU
		{2A6E0CD6-4CE6-40F0-9527-E811BAA04933}.Debug|Any CPU.Build.0 = Debug|Any CPU
		{2A6E0CD6-4CE6-40F0-9527-E811BAA04933}.Release|Any CPU.ActiveCfg = Release|Any CPU
		{2A6E0CD6-4CE6-40F0-9527-E811BAA04933}.Release|Any CPU.Build.0 = Release|Any CPU
		{3520DBAF-2BBD-4C1F-B90D-5E3FC31FEB88}.Debug|Any CPU.ActiveCfg = Debug|Any CPU
		{3520DBAF-2BBD-4C1F-B90D-5E3FC31FEB88}.Debug|Any CPU.Build.0 = Debug|Any CPU
		{3520DBAF-2BBD-4C1F-B90D-5E3FC31FEB88}.Release|Any CPU.ActiveCfg = Release|Any CPU
		{3520DBAF-2BBD-4C1F-B90D-5E3FC31FEB88}.Release|Any CPU.Build.0 = Release|Any CPU
		{CF0E68EE-97FC-4AD2-80FF-1AD23BE5B402}.Debug|Any CPU.ActiveCfg = Debug|Any CPU
		{CF0E68EE-97FC-4AD2-80FF-1AD23BE5B402}.Debug|Any CPU.Build.0 = Debug|Any CPU
		{CF0E68EE-97FC-4AD2-80FF-1AD23BE5B402}.Release|Any CPU.ActiveCfg = Release|Any CPU
		{CF0E68EE-97FC-4AD2-80FF-1AD23BE5B402}.Release|Any CPU.Build.0 = Release|Any CPU
		{31DD2E76-2208-498F-BAEB-35F1567AE102}.Debug|Any CPU.ActiveCfg = Debug|Any CPU
		{31DD2E76-2208-498F-BAEB-35F1567AE102}.Debug|Any CPU.Build.0 = Debug|Any CPU
		{31DD2E76-2208-498F-BAEB-35F1567AE102}.Release|Any CPU.ActiveCfg = Release|Any CPU
		{31DD2E76-2208-498F-BAEB-35F1567AE102}.Release|Any CPU.Build.0 = Release|Any CPU
		{169300AD-B21E-4A1B-9073-EE1D029E864D}.Debug|Any CPU.ActiveCfg = Debug|Any CPU
		{169300AD-B21E-4A1B-9073-EE1D029E864D}.Debug|Any CPU.Build.0 = Debug|Any CPU
		{169300AD-B21E-4A1B-9073-EE1D029E864D}.Release|Any CPU.ActiveCfg = Release|Any CPU
		{169300AD-B21E-4A1B-9073-EE1D029E864D}.Release|Any CPU.Build.0 = Release|Any CPU
		{FF8DD174-0EBF-490D-8467-85A9F7812D15}.Debug|Any CPU.ActiveCfg = Debug|Any CPU
		{FF8DD174-0EBF-490D-8467-85A9F7812D15}.Debug|Any CPU.Build.0 = Debug|Any CPU
		{FF8DD174-0EBF-490D-8467-85A9F7812D15}.Release|Any CPU.ActiveCfg = Release|Any CPU
		{FF8DD174-0EBF-490D-8467-85A9F7812D15}.Release|Any CPU.Build.0 = Release|Any CPU
		{88D74D38-8821-4C3E-93BB-9ACFE1E2971A}.Debug|Any CPU.ActiveCfg = Debug|Any CPU
		{88D74D38-8821-4C3E-93BB-9ACFE1E2971A}.Debug|Any CPU.Build.0 = Debug|Any CPU
		{88D74D38-8821-4C3E-93BB-9ACFE1E2971A}.Release|Any CPU.ActiveCfg = Release|Any CPU
		{88D74D38-8821-4C3E-93BB-9ACFE1E2971A}.Release|Any CPU.Build.0 = Release|Any CPU
		{E51EB5AA-103D-43B2-A663-AB9A3CA00E93}.Debug|Any CPU.ActiveCfg = Debug|Any CPU
		{E51EB5AA-103D-43B2-A663-AB9A3CA00E93}.Debug|Any CPU.Build.0 = Debug|Any CPU
		{E51EB5AA-103D-43B2-A663-AB9A3CA00E93}.Release|Any CPU.ActiveCfg = Release|Any CPU
		{E51EB5AA-103D-43B2-A663-AB9A3CA00E93}.Release|Any CPU.Build.0 = Release|Any CPU
	EndGlobalSection
	GlobalSection(SolutionProperties) = preSolution
		HideSolutionNode = FALSE
	EndGlobalSection
EndGlobal
