
Microsoft Visual Studio Solution File, Format Version 12.00
# Visual Studio 15
VisualStudioVersion = 15.0.27004.2006
MinimumVisualStudioVersion = 10.0.40219.1
Project("{FAE04EC0-301F-11D3-BF4B-00C04F79EFBC}") = "P01_BillsPaymentSystem.App", "P01_BillsPaymentSystem.App\P01_BillsPaymentSystem.App.csproj", "{38C48DD0-7B9E-41BF-8B28-8B3A318F91AA}"
EndProject
Project("{FAE04EC0-301F-11D3-BF4B-00C04F79EFBC}") = "P01_BillsPaymentSystem.Data", "P01_BillsPaymentSystem.Data\P01_BillsPaymentSystem.Data.csproj", "{C19D3087-D6F2-4442-8147-80BE61B6DB7F}"
EndProject
Project("{FAE04EC0-301F-11D3-BF4B-00C04F79EFBC}") = "P01_BillsPaymentSystem.Data.Models", "P01_BillsPaymentSystem.Data.Models\P01_BillsPaymentSystem.Data.Models.csproj", "{BF412558-C0F1-4177-AB9F-C829DD165B02}"
EndProject
Global
	GlobalSection(SolutionConfigurationPlatforms) = preSolution
		Debug|Any CPU = Debug|Any CPU
		Release|Any CPU = Release|Any CPU
	EndGlobalSection
	GlobalSection(ProjectConfigurationPlatforms) = postSolution
		{38C48DD0-7B9E-41BF-8B28-8B3A318F91AA}.Debug|Any CPU.ActiveCfg = Debug|Any CPU
		{38C48DD0-7B9E-41BF-8B28-8B3A318F91AA}.Debug|Any CPU.Build.0 = Debug|Any CPU
		{38C48DD0-7B9E-41BF-8B28-8B3A318F91AA}.Release|Any CPU.ActiveCfg = Release|Any CPU
		{38C48DD0-7B9E-41BF-8B28-8B3A318F91AA}.Release|Any CPU.Build.0 = Release|Any CPU
		{C19D3087-D6F2-4442-8147-80BE61B6DB7F}.Debug|Any CPU.ActiveCfg = Debug|Any CPU
		{C19D3087-D6F2-4442-8147-80BE61B6DB7F}.Debug|Any CPU.Build.0 = Debug|Any CPU
		{C19D3087-D6F2-4442-8147-80BE61B6DB7F}.Release|Any CPU.ActiveCfg = Release|Any CPU
		{C19D3087-D6F2-4442-8147-80BE61B6DB7F}.Release|Any CPU.Build.0 = Release|Any CPU
		{BF412558-C0F1-4177-AB9F-C829DD165B02}.Debug|Any CPU.ActiveCfg = Debug|Any CPU
		{BF412558-C0F1-4177-AB9F-C829DD165B02}.Debug|Any CPU.Build.0 = Debug|Any CPU
		{BF412558-C0F1-4177-AB9F-C829DD165B02}.Release|Any CPU.ActiveCfg = Release|Any CPU
		{BF412558-C0F1-4177-AB9F-C829DD165B02}.Release|Any CPU.Build.0 = Release|Any CPU
	EndGlobalSection
	GlobalSection(SolutionProperties) = preSolution
		HideSolutionNode = FALSE
	EndGlobalSection
	GlobalSection(ExtensibilityGlobals) = postSolution
		SolutionGuid = {8999CADE-F23C-404F-8260-131C1206B58B}
	EndGlobalSection
EndGlobal
