
Microsoft Visual Studio Solution File, Format Version 12.00
# Visual Studio 15
VisualStudioVersion = 15.0.27004.2006
MinimumVisualStudioVersion = 10.0.40219.1
Project("{FAE04EC0-301F-11D3-BF4B-00C04F79EFBC}") = "P03_FootballBetting", "P03_FootballBetting\P03_FootballBetting.csproj", "{35677EBB-2F8C-4AF7-A608-054E108CCFA2}"
EndProject
Project("{FAE04EC0-301F-11D3-BF4B-00C04F79EFBC}") = "P03_ FootballBetting.Data", "P03_ FootballBetting.Data\P03_ FootballBetting.Data.csproj", "{BF1BF101-9F2C-45D7-AC9C-0B87F238D445}"
EndProject
Project("{FAE04EC0-301F-11D3-BF4B-00C04F79EFBC}") = "P03_ FootballBetting.Data.Models", "P03_ FootballBetting.Data.Models\P03_ FootballBetting.Data.Models.csproj", "{D6E5B37D-C2C0-4514-AB6B-248ABA8E2B9A}"
EndProject
Global
	GlobalSection(SolutionConfigurationPlatforms) = preSolution
		Debug|Any CPU = Debug|Any CPU
		Release|Any CPU = Release|Any CPU
	EndGlobalSection
	GlobalSection(ProjectConfigurationPlatforms) = postSolution
		{35677EBB-2F8C-4AF7-A608-054E108CCFA2}.Debug|Any CPU.ActiveCfg = Debug|Any CPU
		{35677EBB-2F8C-4AF7-A608-054E108CCFA2}.Debug|Any CPU.Build.0 = Debug|Any CPU
		{35677EBB-2F8C-4AF7-A608-054E108CCFA2}.Release|Any CPU.ActiveCfg = Release|Any CPU
		{35677EBB-2F8C-4AF7-A608-054E108CCFA2}.Release|Any CPU.Build.0 = Release|Any CPU
		{BF1BF101-9F2C-45D7-AC9C-0B87F238D445}.Debug|Any CPU.ActiveCfg = Debug|Any CPU
		{BF1BF101-9F2C-45D7-AC9C-0B87F238D445}.Debug|Any CPU.Build.0 = Debug|Any CPU
		{BF1BF101-9F2C-45D7-AC9C-0B87F238D445}.Release|Any CPU.ActiveCfg = Release|Any CPU
		{BF1BF101-9F2C-45D7-AC9C-0B87F238D445}.Release|Any CPU.Build.0 = Release|Any CPU
		{D6E5B37D-C2C0-4514-AB6B-248ABA8E2B9A}.Debug|Any CPU.ActiveCfg = Debug|Any CPU
		{D6E5B37D-C2C0-4514-AB6B-248ABA8E2B9A}.Debug|Any CPU.Build.0 = Debug|Any CPU
		{D6E5B37D-C2C0-4514-AB6B-248ABA8E2B9A}.Release|Any CPU.ActiveCfg = Release|Any CPU
		{D6E5B37D-C2C0-4514-AB6B-248ABA8E2B9A}.Release|Any CPU.Build.0 = Release|Any CPU
	EndGlobalSection
	GlobalSection(SolutionProperties) = preSolution
		HideSolutionNode = FALSE
	EndGlobalSection
	GlobalSection(ExtensibilityGlobals) = postSolution
		SolutionGuid = {9D21B391-FA46-43DA-A6C8-2C2C8822193C}
	EndGlobalSection
EndGlobal
