
Microsoft Visual Studio Solution File, Format Version 12.00
# Visual Studio 14
VisualStudioVersion = 14.0.25123.0
MinimumVisualStudioVersion = 10.0.40219.1
Project("{FAE04EC0-301F-11D3-BF4B-00C04F79EFBC}") = "Money", "Task1\Money.csproj", "{0304BAD7-272E-41AC-86F6-B9BDBA6207EB}"
EndProject
Project("{FAE04EC0-301F-11D3-BF4B-00C04F79EFBC}") = "Harvest", "Harvest\Harvest.csproj", "{BCC21C11-40D4-49CF-91C4-B7D47F30A1F3}"
EndProject
Project("{FAE04EC0-301F-11D3-BF4B-00C04F79EFBC}") = "Match-Tickets", "Match-Tickets\Match-Tickets.csproj", "{AE0A1ED0-B24A-431E-B4C8-F5756CFF3448}"
EndProject
Project("{FAE04EC0-301F-11D3-BF4B-00C04F79EFBC}") = "Test", "Test\Test.csproj", "{A2ACB5EB-89EF-48B7-ADB0-BD3A1FEB289D}"
EndProject
Project("{FAE04EC0-301F-11D3-BF4B-00C04F79EFBC}") = "04.BackToThePast", "04.BackToThePast\04.BackToThePast.csproj", "{C5AB4B0F-3463-4D3E-A94D-72729F2A1991}"
EndProject
Project("{FAE04EC0-301F-11D3-BF4B-00C04F79EFBC}") = "06.StopNumber", "06.StopNumber\06.StopNumber.csproj", "{57B54388-7B6A-40A4-A499-64974DAB9B43}"
EndProject
Project("{FAE04EC0-301F-11D3-BF4B-00C04F79EFBC}") = "05.Diamond", "05.Diamond\05.Diamond.csproj", "{A43091F3-9104-48C6-AD9A-C1DC0A0C196A}"
EndProject
Project("{FAE04EC0-301F-11D3-BF4B-00C04F79EFBC}") = "01.RepairingTheTiles", "01.RepairingTheTiles\01.RepairingTheTiles.csproj", "{2437A28D-7981-4F3D-A4BA-DFF0EBD5715E}"
EndProject
Project("{FAE04EC0-301F-11D3-BF4B-00C04F79EFBC}") = "02.SleepyTomCat", "02.SleepyTomCat\02.SleepyTomCat.csproj", "{A0C84341-59F9-45CA-8715-7665C6B14117}"
EndProject
Project("{FAE04EC0-301F-11D3-BF4B-00C04F79EFBC}") = "03.Operations", "03.Operations\03.Operations.csproj", "{9F03823E-BBC8-4498-8B57-E8BD3C58014B}"
EndProject
Project("{FAE04EC0-301F-11D3-BF4B-00C04F79EFBC}") = "04.SmartLilly", "04.SmartLilly\04.SmartLilly.csproj", "{7A14AFA5-0A28-4FFD-BCDD-9E0E492A63F2}"
EndProject
Project("{FAE04EC0-301F-11D3-BF4B-00C04F79EFBC}") = "06.SpecialNumbers", "06.SpecialNumbers\06.SpecialNumbers.csproj", "{00FA1A65-6A9D-4A30-B067-FB915AF34879}"
EndProject
Project("{FAE04EC0-301F-11D3-BF4B-00C04F79EFBC}") = "05.Stop", "05.Stop\05.Stop.csproj", "{432A5E44-3628-4F19-956B-E313BA407964}"
EndProject
Project("{FAE04EC0-301F-11D3-BF4B-00C04F79EFBC}") = "Triangle", "Triangle\Triangle.csproj", "{0AE94FFC-88D9-435C-B6D2-D62D19A60C9A}"
EndProject
Project("{FAE04EC0-301F-11D3-BF4B-00C04F79EFBC}") = "Bricks", "Bricks\Bricks.csproj", "{0A03FD71-29F9-49B4-905B-6A8E4A382864}"
EndProject
Project("{FAE04EC0-301F-11D3-BF4B-00C04F79EFBC}") = "pointOnAxis", "pointOnAxis\pointOnAxis.csproj", "{4D3F7D0B-B3D0-4FC9-8B14-7CBDE19446B7}"
EndProject
Project("{FAE04EC0-301F-11D3-BF4B-00C04F79EFBC}") = "pointInFigure", "pointInFigure\pointInFigure.csproj", "{364FB324-3896-409A-8D6F-BEDCB0A1A91E}"
EndProject
Project("{FAE04EC0-301F-11D3-BF4B-00C04F79EFBC}") = "Problem01-VegetableMarket", "Problem01-VegetableMarket\Problem01-VegetableMarket.csproj", "{F40BDE1B-C48F-4240-927A-B611E5EF77F8}"
EndProject
Project("{FAE04EC0-301F-11D3-BF4B-00C04F79EFBC}") = "ProblemPoolPipes", "ProblemPoolPipes\ProblemPoolPipes.csproj", "{2AD5E089-1EDC-407C-BC12-40DE272E0BDC}"
EndProject
Project("{FAE04EC0-301F-11D3-BF4B-00C04F79EFBC}") = "03-Trip", "03-Trip\03-Trip.csproj", "{179A794D-2FC0-4BBE-8B25-19FD4F7FCA80}"
EndProject
Project("{FAE04EC0-301F-11D3-BF4B-00C04F79EFBC}") = "04-Division", "04-Division\04-Division.csproj", "{EE7DB497-043D-4851-A805-1F426447F79B}"
EndProject
Project("{FAE04EC0-301F-11D3-BF4B-00C04F79EFBC}") = "06-MagicCombination", "06-MagicCombination\06-MagicCombination.csproj", "{CFE48636-A881-41E5-8083-FF81B14E6960}"
EndProject
Project("{FAE04EC0-301F-11D3-BF4B-00C04F79EFBC}") = "Problem1", "Problem1\Problem1.csproj", "{8DFD5700-A815-4AA9-866D-E181E28FCFEB}"
EndProject
Project("{FAE04EC0-301F-11D3-BF4B-00C04F79EFBC}") = "Problem2", "Problem2\Problem2.csproj", "{F4AF4AEF-98F1-44A8-9807-F0FFC04AADB6}"
EndProject
Project("{FAE04EC0-301F-11D3-BF4B-00C04F79EFBC}") = "Problem3", "Problem3\Problem3.csproj", "{18A0F8CC-2BF4-48A6-8CF9-054145AD43B3}"
EndProject
Project("{FAE04EC0-301F-11D3-BF4B-00C04F79EFBC}") = "Problem4", "Problem4\Problem4.csproj", "{356CF86E-833A-4B60-BF64-39E83260DE99}"
EndProject
Project("{FAE04EC0-301F-11D3-BF4B-00C04F79EFBC}") = "Problem6", "Problem6\Problem6.csproj", "{1C3163A5-6D52-4DAC-B5B4-25BD25E2551D}"
EndProject
Project("{FAE04EC0-301F-11D3-BF4B-00C04F79EFBC}") = "Problem5", "Problem5\Problem5.csproj", "{AAA21EEF-4F95-4AC1-A381-7721460C7441}"
EndProject
Global
	GlobalSection(SolutionConfigurationPlatforms) = preSolution
		Debug|Any CPU = Debug|Any CPU
		Release|Any CPU = Release|Any CPU
	EndGlobalSection
	GlobalSection(ProjectConfigurationPlatforms) = postSolution
		{0304BAD7-272E-41AC-86F6-B9BDBA6207EB}.Debug|Any CPU.ActiveCfg = Debug|Any CPU
		{0304BAD7-272E-41AC-86F6-B9BDBA6207EB}.Debug|Any CPU.Build.0 = Debug|Any CPU
		{0304BAD7-272E-41AC-86F6-B9BDBA6207EB}.Release|Any CPU.ActiveCfg = Release|Any CPU
		{0304BAD7-272E-41AC-86F6-B9BDBA6207EB}.Release|Any CPU.Build.0 = Release|Any CPU
		{BCC21C11-40D4-49CF-91C4-B7D47F30A1F3}.Debug|Any CPU.ActiveCfg = Debug|Any CPU
		{BCC21C11-40D4-49CF-91C4-B7D47F30A1F3}.Debug|Any CPU.Build.0 = Debug|Any CPU
		{BCC21C11-40D4-49CF-91C4-B7D47F30A1F3}.Release|Any CPU.ActiveCfg = Release|Any CPU
		{BCC21C11-40D4-49CF-91C4-B7D47F30A1F3}.Release|Any CPU.Build.0 = Release|Any CPU
		{AE0A1ED0-B24A-431E-B4C8-F5756CFF3448}.Debug|Any CPU.ActiveCfg = Debug|Any CPU
		{AE0A1ED0-B24A-431E-B4C8-F5756CFF3448}.Debug|Any CPU.Build.0 = Debug|Any CPU
		{AE0A1ED0-B24A-431E-B4C8-F5756CFF3448}.Release|Any CPU.ActiveCfg = Release|Any CPU
		{AE0A1ED0-B24A-431E-B4C8-F5756CFF3448}.Release|Any CPU.Build.0 = Release|Any CPU
		{A2ACB5EB-89EF-48B7-ADB0-BD3A1FEB289D}.Debug|Any CPU.ActiveCfg = Debug|Any CPU
		{A2ACB5EB-89EF-48B7-ADB0-BD3A1FEB289D}.Debug|Any CPU.Build.0 = Debug|Any CPU
		{A2ACB5EB-89EF-48B7-ADB0-BD3A1FEB289D}.Release|Any CPU.ActiveCfg = Release|Any CPU
		{A2ACB5EB-89EF-48B7-ADB0-BD3A1FEB289D}.Release|Any CPU.Build.0 = Release|Any CPU
		{C5AB4B0F-3463-4D3E-A94D-72729F2A1991}.Debug|Any CPU.ActiveCfg = Debug|Any CPU
		{C5AB4B0F-3463-4D3E-A94D-72729F2A1991}.Debug|Any CPU.Build.0 = Debug|Any CPU
		{C5AB4B0F-3463-4D3E-A94D-72729F2A1991}.Release|Any CPU.ActiveCfg = Release|Any CPU
		{C5AB4B0F-3463-4D3E-A94D-72729F2A1991}.Release|Any CPU.Build.0 = Release|Any CPU
		{57B54388-7B6A-40A4-A499-64974DAB9B43}.Debug|Any CPU.ActiveCfg = Debug|Any CPU
		{57B54388-7B6A-40A4-A499-64974DAB9B43}.Debug|Any CPU.Build.0 = Debug|Any CPU
		{57B54388-7B6A-40A4-A499-64974DAB9B43}.Release|Any CPU.ActiveCfg = Release|Any CPU
		{57B54388-7B6A-40A4-A499-64974DAB9B43}.Release|Any CPU.Build.0 = Release|Any CPU
		{A43091F3-9104-48C6-AD9A-C1DC0A0C196A}.Debug|Any CPU.ActiveCfg = Debug|Any CPU
		{A43091F3-9104-48C6-AD9A-C1DC0A0C196A}.Debug|Any CPU.Build.0 = Debug|Any CPU
		{A43091F3-9104-48C6-AD9A-C1DC0A0C196A}.Release|Any CPU.ActiveCfg = Release|Any CPU
		{A43091F3-9104-48C6-AD9A-C1DC0A0C196A}.Release|Any CPU.Build.0 = Release|Any CPU
		{2437A28D-7981-4F3D-A4BA-DFF0EBD5715E}.Debug|Any CPU.ActiveCfg = Debug|Any CPU
		{2437A28D-7981-4F3D-A4BA-DFF0EBD5715E}.Debug|Any CPU.Build.0 = Debug|Any CPU
		{2437A28D-7981-4F3D-A4BA-DFF0EBD5715E}.Release|Any CPU.ActiveCfg = Release|Any CPU
		{2437A28D-7981-4F3D-A4BA-DFF0EBD5715E}.Release|Any CPU.Build.0 = Release|Any CPU
		{A0C84341-59F9-45CA-8715-7665C6B14117}.Debug|Any CPU.ActiveCfg = Debug|Any CPU
		{A0C84341-59F9-45CA-8715-7665C6B14117}.Debug|Any CPU.Build.0 = Debug|Any CPU
		{A0C84341-59F9-45CA-8715-7665C6B14117}.Release|Any CPU.ActiveCfg = Release|Any CPU
		{A0C84341-59F9-45CA-8715-7665C6B14117}.Release|Any CPU.Build.0 = Release|Any CPU
		{9F03823E-BBC8-4498-8B57-E8BD3C58014B}.Debug|Any CPU.ActiveCfg = Debug|Any CPU
		{9F03823E-BBC8-4498-8B57-E8BD3C58014B}.Debug|Any CPU.Build.0 = Debug|Any CPU
		{9F03823E-BBC8-4498-8B57-E8BD3C58014B}.Release|Any CPU.ActiveCfg = Release|Any CPU
		{9F03823E-BBC8-4498-8B57-E8BD3C58014B}.Release|Any CPU.Build.0 = Release|Any CPU
		{7A14AFA5-0A28-4FFD-BCDD-9E0E492A63F2}.Debug|Any CPU.ActiveCfg = Debug|Any CPU
		{7A14AFA5-0A28-4FFD-BCDD-9E0E492A63F2}.Debug|Any CPU.Build.0 = Debug|Any CPU
		{7A14AFA5-0A28-4FFD-BCDD-9E0E492A63F2}.Release|Any CPU.ActiveCfg = Release|Any CPU
		{7A14AFA5-0A28-4FFD-BCDD-9E0E492A63F2}.Release|Any CPU.Build.0 = Release|Any CPU
		{00FA1A65-6A9D-4A30-B067-FB915AF34879}.Debug|Any CPU.ActiveCfg = Debug|Any CPU
		{00FA1A65-6A9D-4A30-B067-FB915AF34879}.Debug|Any CPU.Build.0 = Debug|Any CPU
		{00FA1A65-6A9D-4A30-B067-FB915AF34879}.Release|Any CPU.ActiveCfg = Release|Any CPU
		{00FA1A65-6A9D-4A30-B067-FB915AF34879}.Release|Any CPU.Build.0 = Release|Any CPU
		{432A5E44-3628-4F19-956B-E313BA407964}.Debug|Any CPU.ActiveCfg = Debug|Any CPU
		{432A5E44-3628-4F19-956B-E313BA407964}.Debug|Any CPU.Build.0 = Debug|Any CPU
		{432A5E44-3628-4F19-956B-E313BA407964}.Release|Any CPU.ActiveCfg = Release|Any CPU
		{432A5E44-3628-4F19-956B-E313BA407964}.Release|Any CPU.Build.0 = Release|Any CPU
		{0AE94FFC-88D9-435C-B6D2-D62D19A60C9A}.Debug|Any CPU.ActiveCfg = Debug|Any CPU
		{0AE94FFC-88D9-435C-B6D2-D62D19A60C9A}.Debug|Any CPU.Build.0 = Debug|Any CPU
		{0AE94FFC-88D9-435C-B6D2-D62D19A60C9A}.Release|Any CPU.ActiveCfg = Release|Any CPU
		{0AE94FFC-88D9-435C-B6D2-D62D19A60C9A}.Release|Any CPU.Build.0 = Release|Any CPU
		{0A03FD71-29F9-49B4-905B-6A8E4A382864}.Debug|Any CPU.ActiveCfg = Debug|Any CPU
		{0A03FD71-29F9-49B4-905B-6A8E4A382864}.Debug|Any CPU.Build.0 = Debug|Any CPU
		{0A03FD71-29F9-49B4-905B-6A8E4A382864}.Release|Any CPU.ActiveCfg = Release|Any CPU
		{0A03FD71-29F9-49B4-905B-6A8E4A382864}.Release|Any CPU.Build.0 = Release|Any CPU
		{4D3F7D0B-B3D0-4FC9-8B14-7CBDE19446B7}.Debug|Any CPU.ActiveCfg = Debug|Any CPU
		{4D3F7D0B-B3D0-4FC9-8B14-7CBDE19446B7}.Debug|Any CPU.Build.0 = Debug|Any CPU
		{4D3F7D0B-B3D0-4FC9-8B14-7CBDE19446B7}.Release|Any CPU.ActiveCfg = Release|Any CPU
		{4D3F7D0B-B3D0-4FC9-8B14-7CBDE19446B7}.Release|Any CPU.Build.0 = Release|Any CPU
		{364FB324-3896-409A-8D6F-BEDCB0A1A91E}.Debug|Any CPU.ActiveCfg = Debug|Any CPU
		{364FB324-3896-409A-8D6F-BEDCB0A1A91E}.Debug|Any CPU.Build.0 = Debug|Any CPU
		{364FB324-3896-409A-8D6F-BEDCB0A1A91E}.Release|Any CPU.ActiveCfg = Release|Any CPU
		{364FB324-3896-409A-8D6F-BEDCB0A1A91E}.Release|Any CPU.Build.0 = Release|Any CPU
		{F40BDE1B-C48F-4240-927A-B611E5EF77F8}.Debug|Any CPU.ActiveCfg = Debug|Any CPU
		{F40BDE1B-C48F-4240-927A-B611E5EF77F8}.Debug|Any CPU.Build.0 = Debug|Any CPU
		{F40BDE1B-C48F-4240-927A-B611E5EF77F8}.Release|Any CPU.ActiveCfg = Release|Any CPU
		{F40BDE1B-C48F-4240-927A-B611E5EF77F8}.Release|Any CPU.Build.0 = Release|Any CPU
		{2AD5E089-1EDC-407C-BC12-40DE272E0BDC}.Debug|Any CPU.ActiveCfg = Debug|Any CPU
		{2AD5E089-1EDC-407C-BC12-40DE272E0BDC}.Debug|Any CPU.Build.0 = Debug|Any CPU
		{2AD5E089-1EDC-407C-BC12-40DE272E0BDC}.Release|Any CPU.ActiveCfg = Release|Any CPU
		{2AD5E089-1EDC-407C-BC12-40DE272E0BDC}.Release|Any CPU.Build.0 = Release|Any CPU
		{179A794D-2FC0-4BBE-8B25-19FD4F7FCA80}.Debug|Any CPU.ActiveCfg = Debug|Any CPU
		{179A794D-2FC0-4BBE-8B25-19FD4F7FCA80}.Debug|Any CPU.Build.0 = Debug|Any CPU
		{179A794D-2FC0-4BBE-8B25-19FD4F7FCA80}.Release|Any CPU.ActiveCfg = Release|Any CPU
		{179A794D-2FC0-4BBE-8B25-19FD4F7FCA80}.Release|Any CPU.Build.0 = Release|Any CPU
		{EE7DB497-043D-4851-A805-1F426447F79B}.Debug|Any CPU.ActiveCfg = Debug|Any CPU
		{EE7DB497-043D-4851-A805-1F426447F79B}.Debug|Any CPU.Build.0 = Debug|Any CPU
		{EE7DB497-043D-4851-A805-1F426447F79B}.Release|Any CPU.ActiveCfg = Release|Any CPU
		{EE7DB497-043D-4851-A805-1F426447F79B}.Release|Any CPU.Build.0 = Release|Any CPU
		{CFE48636-A881-41E5-8083-FF81B14E6960}.Debug|Any CPU.ActiveCfg = Debug|Any CPU
		{CFE48636-A881-41E5-8083-FF81B14E6960}.Debug|Any CPU.Build.0 = Debug|Any CPU
		{CFE48636-A881-41E5-8083-FF81B14E6960}.Release|Any CPU.ActiveCfg = Release|Any CPU
		{CFE48636-A881-41E5-8083-FF81B14E6960}.Release|Any CPU.Build.0 = Release|Any CPU
		{8DFD5700-A815-4AA9-866D-E181E28FCFEB}.Debug|Any CPU.ActiveCfg = Debug|Any CPU
		{8DFD5700-A815-4AA9-866D-E181E28FCFEB}.Debug|Any CPU.Build.0 = Debug|Any CPU
		{8DFD5700-A815-4AA9-866D-E181E28FCFEB}.Release|Any CPU.ActiveCfg = Release|Any CPU
		{8DFD5700-A815-4AA9-866D-E181E28FCFEB}.Release|Any CPU.Build.0 = Release|Any CPU
		{F4AF4AEF-98F1-44A8-9807-F0FFC04AADB6}.Debug|Any CPU.ActiveCfg = Debug|Any CPU
		{F4AF4AEF-98F1-44A8-9807-F0FFC04AADB6}.Debug|Any CPU.Build.0 = Debug|Any CPU
		{F4AF4AEF-98F1-44A8-9807-F0FFC04AADB6}.Release|Any CPU.ActiveCfg = Release|Any CPU
		{F4AF4AEF-98F1-44A8-9807-F0FFC04AADB6}.Release|Any CPU.Build.0 = Release|Any CPU
		{18A0F8CC-2BF4-48A6-8CF9-054145AD43B3}.Debug|Any CPU.ActiveCfg = Debug|Any CPU
		{18A0F8CC-2BF4-48A6-8CF9-054145AD43B3}.Debug|Any CPU.Build.0 = Debug|Any CPU
		{18A0F8CC-2BF4-48A6-8CF9-054145AD43B3}.Release|Any CPU.ActiveCfg = Release|Any CPU
		{18A0F8CC-2BF4-48A6-8CF9-054145AD43B3}.Release|Any CPU.Build.0 = Release|Any CPU
		{356CF86E-833A-4B60-BF64-39E83260DE99}.Debug|Any CPU.ActiveCfg = Debug|Any CPU
		{356CF86E-833A-4B60-BF64-39E83260DE99}.Debug|Any CPU.Build.0 = Debug|Any CPU
		{356CF86E-833A-4B60-BF64-39E83260DE99}.Release|Any CPU.ActiveCfg = Release|Any CPU
		{356CF86E-833A-4B60-BF64-39E83260DE99}.Release|Any CPU.Build.0 = Release|Any CPU
		{1C3163A5-6D52-4DAC-B5B4-25BD25E2551D}.Debug|Any CPU.ActiveCfg = Debug|Any CPU
		{1C3163A5-6D52-4DAC-B5B4-25BD25E2551D}.Debug|Any CPU.Build.0 = Debug|Any CPU
		{1C3163A5-6D52-4DAC-B5B4-25BD25E2551D}.Release|Any CPU.ActiveCfg = Release|Any CPU
		{1C3163A5-6D52-4DAC-B5B4-25BD25E2551D}.Release|Any CPU.Build.0 = Release|Any CPU
		{AAA21EEF-4F95-4AC1-A381-7721460C7441}.Debug|Any CPU.ActiveCfg = Debug|Any CPU
		{AAA21EEF-4F95-4AC1-A381-7721460C7441}.Debug|Any CPU.Build.0 = Debug|Any CPU
		{AAA21EEF-4F95-4AC1-A381-7721460C7441}.Release|Any CPU.ActiveCfg = Release|Any CPU
		{AAA21EEF-4F95-4AC1-A381-7721460C7441}.Release|Any CPU.Build.0 = Release|Any CPU
	EndGlobalSection
	GlobalSection(SolutionProperties) = preSolution
		HideSolutionNode = FALSE
	EndGlobalSection
EndGlobal
