
Microsoft Visual Studio Solution File, Format Version 12.00
# Visual Studio 15
VisualStudioVersion = 15.0.27004.2006
MinimumVisualStudioVersion = 10.0.40219.1
Project("{9A19103F-16F7-4668-BE54-9A1E7A4F7556}") = "WebServer", "WebServer\WebServer.csproj", "{72911109-BEDB-43A3-9747-05BE33389BD1}"
EndProject
Project("{9A19103F-16F7-4668-BE54-9A1E7A4F7556}") = "SimpleMvc.Framework", "SimpleMvc.Framework\SimpleMvc.Framework.csproj", "{A6568A68-AD6B-4E98-8C1E-EBFDDADE99FF}"
EndProject
Project("{9A19103F-16F7-4668-BE54-9A1E7A4F7556}") = "SimpleMvc.Framework.Tests", "SimpleMvc.Framework.Tests\SimpleMvc.Framework.Tests.csproj", "{160FB83B-1C5C-4E68-87B1-C3776E53BD6D}"
EndProject
Project("{9A19103F-16F7-4668-BE54-9A1E7A4F7556}") = "SimpleMvc.Common", "SimpleMvc.Common\SimpleMvc.Common.csproj", "{97E8CA85-D94A-4F7A-BE26-9E7D421D0899}"
EndProject
Project("{9A19103F-16F7-4668-BE54-9A1E7A4F7556}") = "MeTube.App", "MeTube.App\MeTube.App.csproj", "{8AB83195-6D44-4396-96A0-D8E045301ED5}"
EndProject
Project("{9A19103F-16F7-4668-BE54-9A1E7A4F7556}") = "SimpleMvc.Data", "SimpleMvc.Data\SimpleMvc.Data.csproj", "{8CD116EA-81BD-4D9D-856A-3C8CB972F8C3}"
EndProject
Project("{9A19103F-16F7-4668-BE54-9A1E7A4F7556}") = "SimpleMvc.Models", "Models\SimpleMvc.Models.csproj", "{F597A5AA-BA5F-4FCA-98FF-85D005D9D177}"
EndProject
Project("{FAE04EC0-301F-11D3-BF4B-00C04F79EFBC}") = "PeakStats", "PeakStats\PeakStats.csproj", "{416D4F27-1832-4525-9E22-EC982A86F7F8}"
EndProject
Project("{FAE04EC0-301F-11D3-BF4B-00C04F79EFBC}") = "PeakStats.Data", "PeakStats.Data\PeakStats.Data.csproj", "{A9FE169B-31F4-4D4F-B43A-CCEA264D3CC9}"
EndProject
Project("{FAE04EC0-301F-11D3-BF4B-00C04F79EFBC}") = "PeakStats.Models", "PeakStats.Models\PeakStats.Models.csproj", "{69266A70-C3F7-4B56-82F6-86840ABC342F}"
EndProject
Global
	GlobalSection(SolutionConfigurationPlatforms) = preSolution
		Debug|Any CPU = Debug|Any CPU
		Release|Any CPU = Release|Any CPU
	EndGlobalSection
	GlobalSection(ProjectConfigurationPlatforms) = postSolution
		{72911109-BEDB-43A3-9747-05BE33389BD1}.Debug|Any CPU.ActiveCfg = Debug|Any CPU
		{72911109-BEDB-43A3-9747-05BE33389BD1}.Debug|Any CPU.Build.0 = Debug|Any CPU
		{72911109-BEDB-43A3-9747-05BE33389BD1}.Release|Any CPU.ActiveCfg = Release|Any CPU
		{72911109-BEDB-43A3-9747-05BE33389BD1}.Release|Any CPU.Build.0 = Release|Any CPU
		{A6568A68-AD6B-4E98-8C1E-EBFDDADE99FF}.Debug|Any CPU.ActiveCfg = Debug|Any CPU
		{A6568A68-AD6B-4E98-8C1E-EBFDDADE99FF}.Debug|Any CPU.Build.0 = Debug|Any CPU
		{A6568A68-AD6B-4E98-8C1E-EBFDDADE99FF}.Release|Any CPU.ActiveCfg = Release|Any CPU
		{A6568A68-AD6B-4E98-8C1E-EBFDDADE99FF}.Release|Any CPU.Build.0 = Release|Any CPU
		{160FB83B-1C5C-4E68-87B1-C3776E53BD6D}.Debug|Any CPU.ActiveCfg = Debug|Any CPU
		{160FB83B-1C5C-4E68-87B1-C3776E53BD6D}.Debug|Any CPU.Build.0 = Debug|Any CPU
		{160FB83B-1C5C-4E68-87B1-C3776E53BD6D}.Release|Any CPU.ActiveCfg = Release|Any CPU
		{160FB83B-1C5C-4E68-87B1-C3776E53BD6D}.Release|Any CPU.Build.0 = Release|Any CPU
		{97E8CA85-D94A-4F7A-BE26-9E7D421D0899}.Debug|Any CPU.ActiveCfg = Debug|Any CPU
		{97E8CA85-D94A-4F7A-BE26-9E7D421D0899}.Debug|Any CPU.Build.0 = Debug|Any CPU
		{97E8CA85-D94A-4F7A-BE26-9E7D421D0899}.Release|Any CPU.ActiveCfg = Release|Any CPU
		{97E8CA85-D94A-4F7A-BE26-9E7D421D0899}.Release|Any CPU.Build.0 = Release|Any CPU
		{8AB83195-6D44-4396-96A0-D8E045301ED5}.Debug|Any CPU.ActiveCfg = Debug|Any CPU
		{8AB83195-6D44-4396-96A0-D8E045301ED5}.Debug|Any CPU.Build.0 = Debug|Any CPU
		{8AB83195-6D44-4396-96A0-D8E045301ED5}.Release|Any CPU.ActiveCfg = Release|Any CPU
		{8AB83195-6D44-4396-96A0-D8E045301ED5}.Release|Any CPU.Build.0 = Release|Any CPU
		{8CD116EA-81BD-4D9D-856A-3C8CB972F8C3}.Debug|Any CPU.ActiveCfg = Debug|Any CPU
		{8CD116EA-81BD-4D9D-856A-3C8CB972F8C3}.Debug|Any CPU.Build.0 = Debug|Any CPU
		{8CD116EA-81BD-4D9D-856A-3C8CB972F8C3}.Release|Any CPU.ActiveCfg = Release|Any CPU
		{8CD116EA-81BD-4D9D-856A-3C8CB972F8C3}.Release|Any CPU.Build.0 = Release|Any CPU
		{F597A5AA-BA5F-4FCA-98FF-85D005D9D177}.Debug|Any CPU.ActiveCfg = Debug|Any CPU
		{F597A5AA-BA5F-4FCA-98FF-85D005D9D177}.Debug|Any CPU.Build.0 = Debug|Any CPU
		{F597A5AA-BA5F-4FCA-98FF-85D005D9D177}.Release|Any CPU.ActiveCfg = Release|Any CPU
		{F597A5AA-BA5F-4FCA-98FF-85D005D9D177}.Release|Any CPU.Build.0 = Release|Any CPU
		{416D4F27-1832-4525-9E22-EC982A86F7F8}.Debug|Any CPU.ActiveCfg = Debug|Any CPU
		{416D4F27-1832-4525-9E22-EC982A86F7F8}.Debug|Any CPU.Build.0 = Debug|Any CPU
		{416D4F27-1832-4525-9E22-EC982A86F7F8}.Release|Any CPU.ActiveCfg = Release|Any CPU
		{416D4F27-1832-4525-9E22-EC982A86F7F8}.Release|Any CPU.Build.0 = Release|Any CPU
		{A9FE169B-31F4-4D4F-B43A-CCEA264D3CC9}.Debug|Any CPU.ActiveCfg = Debug|Any CPU
		{A9FE169B-31F4-4D4F-B43A-CCEA264D3CC9}.Debug|Any CPU.Build.0 = Debug|Any CPU
		{A9FE169B-31F4-4D4F-B43A-CCEA264D3CC9}.Release|Any CPU.ActiveCfg = Release|Any CPU
		{A9FE169B-31F4-4D4F-B43A-CCEA264D3CC9}.Release|Any CPU.Build.0 = Release|Any CPU
		{69266A70-C3F7-4B56-82F6-86840ABC342F}.Debug|Any CPU.ActiveCfg = Debug|Any CPU
		{69266A70-C3F7-4B56-82F6-86840ABC342F}.Debug|Any CPU.Build.0 = Debug|Any CPU
		{69266A70-C3F7-4B56-82F6-86840ABC342F}.Release|Any CPU.ActiveCfg = Release|Any CPU
		{69266A70-C3F7-4B56-82F6-86840ABC342F}.Release|Any CPU.Build.0 = Release|Any CPU
	EndGlobalSection
	GlobalSection(SolutionProperties) = preSolution
		HideSolutionNode = FALSE
	EndGlobalSection
	GlobalSection(ExtensibilityGlobals) = postSolution
		SolutionGuid = {3ABA898C-743A-4BCB-94FE-871C34896B4B}
	EndGlobalSection
EndGlobal
