
Microsoft Visual Studio Solution File, Format Version 12.00
# Visual Studio 15
VisualStudioVersion = 15.0.27004.2006
MinimumVisualStudioVersion = 10.0.40219.1
Project("{FAE04EC0-301F-11D3-BF4B-00C04F79EFBC}") = "1. Hospital Database", "1. Hospital Database\1. Hospital Database.csproj", "{DC44FCDA-0442-43C7-B75B-6BA029F8FCEC}"
EndProject
Project("{FAE04EC0-301F-11D3-BF4B-00C04F79EFBC}") = "Data", "Data\Data.csproj", "{D0597473-0EE6-4910-BB61-B72C622180EC}"
EndProject
Project("{FAE04EC0-301F-11D3-BF4B-00C04F79EFBC}") = "P03_SalesDatabase", "P03_SalesDatabase\P03_SalesDatabase.csproj", "{28DA0717-08FE-4564-B4DE-6BE7702B173F}"
EndProject
Global
	GlobalSection(SolutionConfigurationPlatforms) = preSolution
		Debug|Any CPU = Debug|Any CPU
		Release|Any CPU = Release|Any CPU
	EndGlobalSection
	GlobalSection(ProjectConfigurationPlatforms) = postSolution
		{DC44FCDA-0442-43C7-B75B-6BA029F8FCEC}.Debug|Any CPU.ActiveCfg = Debug|Any CPU
		{DC44FCDA-0442-43C7-B75B-6BA029F8FCEC}.Debug|Any CPU.Build.0 = Debug|Any CPU
		{DC44FCDA-0442-43C7-B75B-6BA029F8FCEC}.Release|Any CPU.ActiveCfg = Release|Any CPU
		{DC44FCDA-0442-43C7-B75B-6BA029F8FCEC}.Release|Any CPU.Build.0 = Release|Any CPU
		{D0597473-0EE6-4910-BB61-B72C622180EC}.Debug|Any CPU.ActiveCfg = Debug|Any CPU
		{D0597473-0EE6-4910-BB61-B72C622180EC}.Debug|Any CPU.Build.0 = Debug|Any CPU
		{D0597473-0EE6-4910-BB61-B72C622180EC}.Release|Any CPU.ActiveCfg = Release|Any CPU
		{D0597473-0EE6-4910-BB61-B72C622180EC}.Release|Any CPU.Build.0 = Release|Any CPU
		{28DA0717-08FE-4564-B4DE-6BE7702B173F}.Debug|Any CPU.ActiveCfg = Debug|Any CPU
		{28DA0717-08FE-4564-B4DE-6BE7702B173F}.Debug|Any CPU.Build.0 = Debug|Any CPU
		{28DA0717-08FE-4564-B4DE-6BE7702B173F}.Release|Any CPU.ActiveCfg = Release|Any CPU
		{28DA0717-08FE-4564-B4DE-6BE7702B173F}.Release|Any CPU.Build.0 = Release|Any CPU
	EndGlobalSection
	GlobalSection(SolutionProperties) = preSolution
		HideSolutionNode = FALSE
	EndGlobalSection
	GlobalSection(ExtensibilityGlobals) = postSolution
		SolutionGuid = {DB326F2C-DC0D-4422-ACF6-EE8EE12D6D98}
	EndGlobalSection
EndGlobal
