
Microsoft Visual Studio Solution File, Format Version 12.00
# Visual Studio 15
VisualStudioVersion = 15.0.27703.2035
MinimumVisualStudioVersion = 10.0.40219.1
Project("{9A19103F-16F7-4668-BE54-9A1E7A4F7556}") = "SIS.Webserver", "SIS.Webserver\SIS.Webserver.csproj", "{97476EB4-5CEF-4AFC-AF04-CFD46DBDA2FE}"
EndProject
Project("{9A19103F-16F7-4668-BE54-9A1E7A4F7556}") = "SIS.HTTP", "SIS.HTTP\SIS.HTTP.csproj", "{0E871A3F-2799-4751-9991-0532206062D3}"
EndProject
Project("{2150E333-8FDC-42A3-9474-1A3956D46DE8}") = "Apps", "Apps", "{49717D7F-9465-4ADB-B03F-358BA76D53E4}"
EndProject
Project("{9A19103F-16F7-4668-BE54-9A1E7A4F7556}") = "IRuneWebApp", "IRuneWebApps\IRuneWebApp.csproj", "{F3804066-0A42-462A-96BF-63D0C81B7CB2}"
EndProject
Project("{2150E333-8FDC-42A3-9474-1A3956D46DE8}") = "Data", "Data", "{AEEBB399-906B-4B70-AABD-6B373E63DD10}"
EndProject
Project("{2150E333-8FDC-42A3-9474-1A3956D46DE8}") = "Models", "Models", "{ABBD29B4-E93D-42D7-98AC-3EA411C4DF71}"
EndProject
Project("{9A19103F-16F7-4668-BE54-9A1E7A4F7556}") = "IRuneData", "IRuneData\IRuneData.csproj", "{78FA5BBB-5440-4E61-9A10-CD6B18A5F472}"
EndProject
Project("{9A19103F-16F7-4668-BE54-9A1E7A4F7556}") = "IRuneModels", "IRuneModels\IRuneModels.csproj", "{D8DF7C7D-CD49-4DC2-8E01-CC8452ACE48F}"
EndProject
Project("{9A19103F-16F7-4668-BE54-9A1E7A4F7556}") = "SIS.MvcFramework", "SIS.MvcFramework\SIS.MvcFramework.csproj", "{FF192F2D-673C-4F34-9180-306BF28694EB}"
EndProject
Global
	GlobalSection(SolutionConfigurationPlatforms) = preSolution
		Debug|Any CPU = Debug|Any CPU
		Release|Any CPU = Release|Any CPU
	EndGlobalSection
	GlobalSection(ProjectConfigurationPlatforms) = postSolution
		{97476EB4-5CEF-4AFC-AF04-CFD46DBDA2FE}.Debug|Any CPU.ActiveCfg = Debug|Any CPU
		{97476EB4-5CEF-4AFC-AF04-CFD46DBDA2FE}.Debug|Any CPU.Build.0 = Debug|Any CPU
		{97476EB4-5CEF-4AFC-AF04-CFD46DBDA2FE}.Release|Any CPU.ActiveCfg = Release|Any CPU
		{97476EB4-5CEF-4AFC-AF04-CFD46DBDA2FE}.Release|Any CPU.Build.0 = Release|Any CPU
		{0E871A3F-2799-4751-9991-0532206062D3}.Debug|Any CPU.ActiveCfg = Debug|Any CPU
		{0E871A3F-2799-4751-9991-0532206062D3}.Debug|Any CPU.Build.0 = Debug|Any CPU
		{0E871A3F-2799-4751-9991-0532206062D3}.Release|Any CPU.ActiveCfg = Release|Any CPU
		{0E871A3F-2799-4751-9991-0532206062D3}.Release|Any CPU.Build.0 = Release|Any CPU
		{F3804066-0A42-462A-96BF-63D0C81B7CB2}.Debug|Any CPU.ActiveCfg = Debug|Any CPU
		{F3804066-0A42-462A-96BF-63D0C81B7CB2}.Debug|Any CPU.Build.0 = Debug|Any CPU
		{F3804066-0A42-462A-96BF-63D0C81B7CB2}.Release|Any CPU.ActiveCfg = Release|Any CPU
		{F3804066-0A42-462A-96BF-63D0C81B7CB2}.Release|Any CPU.Build.0 = Release|Any CPU
		{78FA5BBB-5440-4E61-9A10-CD6B18A5F472}.Debug|Any CPU.ActiveCfg = Debug|Any CPU
		{78FA5BBB-5440-4E61-9A10-CD6B18A5F472}.Debug|Any CPU.Build.0 = Debug|Any CPU
		{78FA5BBB-5440-4E61-9A10-CD6B18A5F472}.Release|Any CPU.ActiveCfg = Release|Any CPU
		{78FA5BBB-5440-4E61-9A10-CD6B18A5F472}.Release|Any CPU.Build.0 = Release|Any CPU
		{D8DF7C7D-CD49-4DC2-8E01-CC8452ACE48F}.Debug|Any CPU.ActiveCfg = Debug|Any CPU
		{D8DF7C7D-CD49-4DC2-8E01-CC8452ACE48F}.Debug|Any CPU.Build.0 = Debug|Any CPU
		{D8DF7C7D-CD49-4DC2-8E01-CC8452ACE48F}.Release|Any CPU.ActiveCfg = Release|Any CPU
		{D8DF7C7D-CD49-4DC2-8E01-CC8452ACE48F}.Release|Any CPU.Build.0 = Release|Any CPU
		{FF192F2D-673C-4F34-9180-306BF28694EB}.Debug|Any CPU.ActiveCfg = Debug|Any CPU
		{FF192F2D-673C-4F34-9180-306BF28694EB}.Debug|Any CPU.Build.0 = Debug|Any CPU
		{FF192F2D-673C-4F34-9180-306BF28694EB}.Release|Any CPU.ActiveCfg = Release|Any CPU
		{FF192F2D-673C-4F34-9180-306BF28694EB}.Release|Any CPU.Build.0 = Release|Any CPU
	EndGlobalSection
	GlobalSection(SolutionProperties) = preSolution
		HideSolutionNode = FALSE
	EndGlobalSection
	GlobalSection(NestedProjects) = preSolution
		{F3804066-0A42-462A-96BF-63D0C81B7CB2} = {49717D7F-9465-4ADB-B03F-358BA76D53E4}
		{78FA5BBB-5440-4E61-9A10-CD6B18A5F472} = {AEEBB399-906B-4B70-AABD-6B373E63DD10}
		{D8DF7C7D-CD49-4DC2-8E01-CC8452ACE48F} = {ABBD29B4-E93D-42D7-98AC-3EA411C4DF71}
	EndGlobalSection
	GlobalSection(ExtensibilityGlobals) = postSolution
		SolutionGuid = {F70B6FA7-B6A1-4E6B-B969-8F74D1EDEB1E}
	EndGlobalSection
EndGlobal
