
Microsoft Visual Studio Solution File, Format Version 12.00
# Visual Studio 15
VisualStudioVersion = 15.0.28307.106
MinimumVisualStudioVersion = 10.0.40219.1
Project("{FAE04EC0-301F-11D3-BF4B-00C04F79EFBC}") = "AspNetCoreSecurityDemo", "AspNetCoreSecurityDemo\AspNetCoreSecurityDemo.csproj", "{8612A801-24A2-4DC7-9B7C-8E3F6780471A}"
EndProject
Project("{FAE04EC0-301F-11D3-BF4B-00C04F79EFBC}") = "AspNetCoreEvilSite", "AspNetCoreEvilSite\AspNetCoreEvilSite.csproj", "{DD80DC91-6DC7-4A32-9298-D0ECFA79FA51}"
EndProject
Global
	GlobalSection(SolutionConfigurationPlatforms) = preSolution
		Debug|Any CPU = Debug|Any CPU
		Release|Any CPU = Release|Any CPU
	EndGlobalSection
	GlobalSection(ProjectConfigurationPlatforms) = postSolution
		{8612A801-24A2-4DC7-9B7C-8E3F6780471A}.Debug|Any CPU.ActiveCfg = Debug|Any CPU
		{8612A801-24A2-4DC7-9B7C-8E3F6780471A}.Debug|Any CPU.Build.0 = Debug|Any CPU
		{8612A801-24A2-4DC7-9B7C-8E3F6780471A}.Release|Any CPU.ActiveCfg = Release|Any CPU
		{8612A801-24A2-4DC7-9B7C-8E3F6780471A}.Release|Any CPU.Build.0 = Release|Any CPU
		{DD80DC91-6DC7-4A32-9298-D0ECFA79FA51}.Debug|Any CPU.ActiveCfg = Debug|Any CPU
		{DD80DC91-6DC7-4A32-9298-D0ECFA79FA51}.Debug|Any CPU.Build.0 = Debug|Any CPU
		{DD80DC91-6DC7-4A32-9298-D0ECFA79FA51}.Release|Any CPU.ActiveCfg = Release|Any CPU
		{DD80DC91-6DC7-4A32-9298-D0ECFA79FA51}.Release|Any CPU.Build.0 = Release|Any CPU
	EndGlobalSection
	GlobalSection(SolutionProperties) = preSolution
		HideSolutionNode = FALSE
	EndGlobalSection
	GlobalSection(ExtensibilityGlobals) = postSolution
		SolutionGuid = {7A31A2EB-D3F3-434F-B017-12B0FC5CF8E9}
	EndGlobalSection
EndGlobal
