
Microsoft Visual Studio Solution File, Format Version 12.00
# Visual Studio 15
VisualStudioVersion = 15.0.28010.2003
MinimumVisualStudioVersion = 10.0.40219.1
Project("{9A19103F-16F7-4668-BE54-9A1E7A4F7556}") = "SIS.WebServer", "SIS.WebServer\SIS.WebServer.csproj", "{9069BFBB-817C-4FA4-A980-E20E9DD7A469}"
EndProject
Project("{9A19103F-16F7-4668-BE54-9A1E7A4F7556}") = "SIS.HTTP", "SIS.HTTP\SIS.HTTP.csproj", "{9C8ADFD1-16AE-4365-A160-A1C6091A0509}"
EndProject
Project("{2150E333-8FDC-42A3-9474-1A3956D46DE8}") = "Apps", "Apps", "{18A044AE-91C4-48B0-AD7A-BCAC2FB995F6}"
EndProject
Project("{9A19103F-16F7-4668-BE54-9A1E7A4F7556}") = "SIS.MvcFramework", "SIS.MvcFramework\SIS.MvcFramework.csproj", "{C58E0CAA-C56F-4DD0-9271-C2562A2FFDFD}"
EndProject
Project("{2150E333-8FDC-42A3-9474-1A3956D46DE8}") = "Data", "Data", "{576331FE-46E3-4F89-9EE8-DF7140472F16}"
EndProject
Project("{2150E333-8FDC-42A3-9474-1A3956D46DE8}") = "Models", "Models", "{8DC746A0-C297-416D-B674-8F63959016A6}"
EndProject
Project("{9A19103F-16F7-4668-BE54-9A1E7A4F7556}") = "GameStore", "GameStore\GameStore.csproj", "{B342A037-8B72-47E2-A16D-EE05C1D79603}"
EndProject
Project("{9A19103F-16F7-4668-BE54-9A1E7A4F7556}") = "GameStoreData", "GameStoreData\GameStoreData.csproj", "{A857805A-EA44-4D3B-B68B-8E4DFBF9C9E2}"
EndProject
Project("{9A19103F-16F7-4668-BE54-9A1E7A4F7556}") = "GameStoreModels", "GameStoreModels\GameStoreModels.csproj", "{21C1D826-A3DA-4D84-8B9E-0405386591B7}"
EndProject
Project("{9A19103F-16F7-4668-BE54-9A1E7A4F7556}") = "GameSoreDataNew", "ClassLibrary1\GameSoreDataNew.csproj", "{6C4F3ACA-6A3B-42B5-B2A7-924306CF2E5D}"
EndProject
Project("{9A19103F-16F7-4668-BE54-9A1E7A4F7556}") = "GameSoreModelsNew", "GameSoreModels\GameSoreModelsNew.csproj", "{19DC2903-0ED7-4B62-A2F5-0D800C0FA0C5}"
EndProject
Project("{9A19103F-16F7-4668-BE54-9A1E7A4F7556}") = "TorshiaModels", "TorshiaModels\TorshiaModels.csproj", "{D918B455-A7EA-4299-93D7-BAF3ED3B29C9}"
EndProject
Project("{9A19103F-16F7-4668-BE54-9A1E7A4F7556}") = "AirportModels", "AirportModels\AirportModels.csproj", "{1F438125-2086-4357-B890-E7C05A4FD605}"
EndProject
Project("{9A19103F-16F7-4668-BE54-9A1E7A4F7556}") = "ChushkaModels", "ChushkaModels\ChushkaModels.csproj", "{78525819-1943-48D7-BF2B-7924D69FF47C}"
EndProject
Project("{9A19103F-16F7-4668-BE54-9A1E7A4F7556}") = "MishMashModels", "MishMashModels\MishMashModels.csproj", "{46A11846-DC04-4FC8-8455-2E18043F1BD9}"
EndProject
Project("{9A19103F-16F7-4668-BE54-9A1E7A4F7556}") = "AirportData", "AirportData\AirportData.csproj", "{6AD368E3-2486-4798-9B5E-79C26BA5A8CE}"
EndProject
Project("{9A19103F-16F7-4668-BE54-9A1E7A4F7556}") = "ChushkaData", "ChushkaData\ChushkaData.csproj", "{5682BF16-87AE-48F4-8F6A-5455E9ECF9AF}"
EndProject
Project("{9A19103F-16F7-4668-BE54-9A1E7A4F7556}") = "MIshMashData", "MIshMashData\MIshMashData.csproj", "{331FFB18-D09A-4126-8C73-516F8980EAE8}"
EndProject
Project("{9A19103F-16F7-4668-BE54-9A1E7A4F7556}") = "TorshiaData", "TorshiaData\TorshiaData.csproj", "{7D217A80-5817-4689-BF87-307269098DC4}"
EndProject
Project("{9A19103F-16F7-4668-BE54-9A1E7A4F7556}") = "AirportApp", "AirportApp\AirportApp.csproj", "{46AF4452-D3D5-498D-9A1F-EFC03AD0FADC}"
EndProject
Project("{9A19103F-16F7-4668-BE54-9A1E7A4F7556}") = "ChushkaWebApp", "ChushkaWebApp\ChushkaWebApp.csproj", "{8B9CC7B6-E2C1-4917-BDD8-C5D8228FFA50}"
EndProject
Project("{9A19103F-16F7-4668-BE54-9A1E7A4F7556}") = "MishMashWebApp", "MishMashWebApp\MishMashWebApp.csproj", "{4FE62B42-0340-4042-9655-E394643D4DAD}"
EndProject
Project("{9A19103F-16F7-4668-BE54-9A1E7A4F7556}") = "TorshiaWebApp", "TorshiaWebApp\TorshiaWebApp.csproj", "{FC70FDB8-186C-488B-AC62-8FAC262449C2}"
EndProject
Global
	GlobalSection(SolutionConfigurationPlatforms) = preSolution
		Debug|Any CPU = Debug|Any CPU
		Release|Any CPU = Release|Any CPU
	EndGlobalSection
	GlobalSection(ProjectConfigurationPlatforms) = postSolution
		{9069BFBB-817C-4FA4-A980-E20E9DD7A469}.Debug|Any CPU.ActiveCfg = Debug|Any CPU
		{9069BFBB-817C-4FA4-A980-E20E9DD7A469}.Debug|Any CPU.Build.0 = Debug|Any CPU
		{9069BFBB-817C-4FA4-A980-E20E9DD7A469}.Release|Any CPU.ActiveCfg = Release|Any CPU
		{9069BFBB-817C-4FA4-A980-E20E9DD7A469}.Release|Any CPU.Build.0 = Release|Any CPU
		{9C8ADFD1-16AE-4365-A160-A1C6091A0509}.Debug|Any CPU.ActiveCfg = Debug|Any CPU
		{9C8ADFD1-16AE-4365-A160-A1C6091A0509}.Debug|Any CPU.Build.0 = Debug|Any CPU
		{9C8ADFD1-16AE-4365-A160-A1C6091A0509}.Release|Any CPU.ActiveCfg = Release|Any CPU
		{9C8ADFD1-16AE-4365-A160-A1C6091A0509}.Release|Any CPU.Build.0 = Release|Any CPU
		{C58E0CAA-C56F-4DD0-9271-C2562A2FFDFD}.Debug|Any CPU.ActiveCfg = Debug|Any CPU
		{C58E0CAA-C56F-4DD0-9271-C2562A2FFDFD}.Debug|Any CPU.Build.0 = Debug|Any CPU
		{C58E0CAA-C56F-4DD0-9271-C2562A2FFDFD}.Release|Any CPU.ActiveCfg = Release|Any CPU
		{C58E0CAA-C56F-4DD0-9271-C2562A2FFDFD}.Release|Any CPU.Build.0 = Release|Any CPU
		{B342A037-8B72-47E2-A16D-EE05C1D79603}.Debug|Any CPU.ActiveCfg = Debug|Any CPU
		{B342A037-8B72-47E2-A16D-EE05C1D79603}.Debug|Any CPU.Build.0 = Debug|Any CPU
		{B342A037-8B72-47E2-A16D-EE05C1D79603}.Release|Any CPU.ActiveCfg = Release|Any CPU
		{B342A037-8B72-47E2-A16D-EE05C1D79603}.Release|Any CPU.Build.0 = Release|Any CPU
		{A857805A-EA44-4D3B-B68B-8E4DFBF9C9E2}.Debug|Any CPU.ActiveCfg = Debug|Any CPU
		{A857805A-EA44-4D3B-B68B-8E4DFBF9C9E2}.Debug|Any CPU.Build.0 = Debug|Any CPU
		{A857805A-EA44-4D3B-B68B-8E4DFBF9C9E2}.Release|Any CPU.ActiveCfg = Release|Any CPU
		{A857805A-EA44-4D3B-B68B-8E4DFBF9C9E2}.Release|Any CPU.Build.0 = Release|Any CPU
		{21C1D826-A3DA-4D84-8B9E-0405386591B7}.Debug|Any CPU.ActiveCfg = Debug|Any CPU
		{21C1D826-A3DA-4D84-8B9E-0405386591B7}.Debug|Any CPU.Build.0 = Debug|Any CPU
		{21C1D826-A3DA-4D84-8B9E-0405386591B7}.Release|Any CPU.ActiveCfg = Release|Any CPU
		{21C1D826-A3DA-4D84-8B9E-0405386591B7}.Release|Any CPU.Build.0 = Release|Any CPU
		{6C4F3ACA-6A3B-42B5-B2A7-924306CF2E5D}.Debug|Any CPU.ActiveCfg = Debug|Any CPU
		{6C4F3ACA-6A3B-42B5-B2A7-924306CF2E5D}.Debug|Any CPU.Build.0 = Debug|Any CPU
		{6C4F3ACA-6A3B-42B5-B2A7-924306CF2E5D}.Release|Any CPU.ActiveCfg = Release|Any CPU
		{6C4F3ACA-6A3B-42B5-B2A7-924306CF2E5D}.Release|Any CPU.Build.0 = Release|Any CPU
		{19DC2903-0ED7-4B62-A2F5-0D800C0FA0C5}.Debug|Any CPU.ActiveCfg = Debug|Any CPU
		{19DC2903-0ED7-4B62-A2F5-0D800C0FA0C5}.Debug|Any CPU.Build.0 = Debug|Any CPU
		{19DC2903-0ED7-4B62-A2F5-0D800C0FA0C5}.Release|Any CPU.ActiveCfg = Release|Any CPU
		{19DC2903-0ED7-4B62-A2F5-0D800C0FA0C5}.Release|Any CPU.Build.0 = Release|Any CPU
		{D918B455-A7EA-4299-93D7-BAF3ED3B29C9}.Debug|Any CPU.ActiveCfg = Debug|Any CPU
		{D918B455-A7EA-4299-93D7-BAF3ED3B29C9}.Debug|Any CPU.Build.0 = Debug|Any CPU
		{D918B455-A7EA-4299-93D7-BAF3ED3B29C9}.Release|Any CPU.ActiveCfg = Release|Any CPU
		{D918B455-A7EA-4299-93D7-BAF3ED3B29C9}.Release|Any CPU.Build.0 = Release|Any CPU
		{1F438125-2086-4357-B890-E7C05A4FD605}.Debug|Any CPU.ActiveCfg = Debug|Any CPU
		{1F438125-2086-4357-B890-E7C05A4FD605}.Debug|Any CPU.Build.0 = Debug|Any CPU
		{1F438125-2086-4357-B890-E7C05A4FD605}.Release|Any CPU.ActiveCfg = Release|Any CPU
		{1F438125-2086-4357-B890-E7C05A4FD605}.Release|Any CPU.Build.0 = Release|Any CPU
		{78525819-1943-48D7-BF2B-7924D69FF47C}.Debug|Any CPU.ActiveCfg = Debug|Any CPU
		{78525819-1943-48D7-BF2B-7924D69FF47C}.Debug|Any CPU.Build.0 = Debug|Any CPU
		{78525819-1943-48D7-BF2B-7924D69FF47C}.Release|Any CPU.ActiveCfg = Release|Any CPU
		{78525819-1943-48D7-BF2B-7924D69FF47C}.Release|Any CPU.Build.0 = Release|Any CPU
		{46A11846-DC04-4FC8-8455-2E18043F1BD9}.Debug|Any CPU.ActiveCfg = Debug|Any CPU
		{46A11846-DC04-4FC8-8455-2E18043F1BD9}.Debug|Any CPU.Build.0 = Debug|Any CPU
		{46A11846-DC04-4FC8-8455-2E18043F1BD9}.Release|Any CPU.ActiveCfg = Release|Any CPU
		{46A11846-DC04-4FC8-8455-2E18043F1BD9}.Release|Any CPU.Build.0 = Release|Any CPU
		{6AD368E3-2486-4798-9B5E-79C26BA5A8CE}.Debug|Any CPU.ActiveCfg = Debug|Any CPU
		{6AD368E3-2486-4798-9B5E-79C26BA5A8CE}.Debug|Any CPU.Build.0 = Debug|Any CPU
		{6AD368E3-2486-4798-9B5E-79C26BA5A8CE}.Release|Any CPU.ActiveCfg = Release|Any CPU
		{6AD368E3-2486-4798-9B5E-79C26BA5A8CE}.Release|Any CPU.Build.0 = Release|Any CPU
		{5682BF16-87AE-48F4-8F6A-5455E9ECF9AF}.Debug|Any CPU.ActiveCfg = Debug|Any CPU
		{5682BF16-87AE-48F4-8F6A-5455E9ECF9AF}.Debug|Any CPU.Build.0 = Debug|Any CPU
		{5682BF16-87AE-48F4-8F6A-5455E9ECF9AF}.Release|Any CPU.ActiveCfg = Release|Any CPU
		{5682BF16-87AE-48F4-8F6A-5455E9ECF9AF}.Release|Any CPU.Build.0 = Release|Any CPU
		{331FFB18-D09A-4126-8C73-516F8980EAE8}.Debug|Any CPU.ActiveCfg = Debug|Any CPU
		{331FFB18-D09A-4126-8C73-516F8980EAE8}.Debug|Any CPU.Build.0 = Debug|Any CPU
		{331FFB18-D09A-4126-8C73-516F8980EAE8}.Release|Any CPU.ActiveCfg = Release|Any CPU
		{331FFB18-D09A-4126-8C73-516F8980EAE8}.Release|Any CPU.Build.0 = Release|Any CPU
		{7D217A80-5817-4689-BF87-307269098DC4}.Debug|Any CPU.ActiveCfg = Debug|Any CPU
		{7D217A80-5817-4689-BF87-307269098DC4}.Debug|Any CPU.Build.0 = Debug|Any CPU
		{7D217A80-5817-4689-BF87-307269098DC4}.Release|Any CPU.ActiveCfg = Release|Any CPU
		{7D217A80-5817-4689-BF87-307269098DC4}.Release|Any CPU.Build.0 = Release|Any CPU
		{46AF4452-D3D5-498D-9A1F-EFC03AD0FADC}.Debug|Any CPU.ActiveCfg = Debug|Any CPU
		{46AF4452-D3D5-498D-9A1F-EFC03AD0FADC}.Debug|Any CPU.Build.0 = Debug|Any CPU
		{46AF4452-D3D5-498D-9A1F-EFC03AD0FADC}.Release|Any CPU.ActiveCfg = Release|Any CPU
		{46AF4452-D3D5-498D-9A1F-EFC03AD0FADC}.Release|Any CPU.Build.0 = Release|Any CPU
		{8B9CC7B6-E2C1-4917-BDD8-C5D8228FFA50}.Debug|Any CPU.ActiveCfg = Debug|Any CPU
		{8B9CC7B6-E2C1-4917-BDD8-C5D8228FFA50}.Debug|Any CPU.Build.0 = Debug|Any CPU
		{8B9CC7B6-E2C1-4917-BDD8-C5D8228FFA50}.Release|Any CPU.ActiveCfg = Release|Any CPU
		{8B9CC7B6-E2C1-4917-BDD8-C5D8228FFA50}.Release|Any CPU.Build.0 = Release|Any CPU
		{4FE62B42-0340-4042-9655-E394643D4DAD}.Debug|Any CPU.ActiveCfg = Debug|Any CPU
		{4FE62B42-0340-4042-9655-E394643D4DAD}.Debug|Any CPU.Build.0 = Debug|Any CPU
		{4FE62B42-0340-4042-9655-E394643D4DAD}.Release|Any CPU.ActiveCfg = Release|Any CPU
		{4FE62B42-0340-4042-9655-E394643D4DAD}.Release|Any CPU.Build.0 = Release|Any CPU
		{FC70FDB8-186C-488B-AC62-8FAC262449C2}.Debug|Any CPU.ActiveCfg = Debug|Any CPU
		{FC70FDB8-186C-488B-AC62-8FAC262449C2}.Debug|Any CPU.Build.0 = Debug|Any CPU
		{FC70FDB8-186C-488B-AC62-8FAC262449C2}.Release|Any CPU.ActiveCfg = Release|Any CPU
		{FC70FDB8-186C-488B-AC62-8FAC262449C2}.Release|Any CPU.Build.0 = Release|Any CPU
	EndGlobalSection
	GlobalSection(SolutionProperties) = preSolution
		HideSolutionNode = FALSE
	EndGlobalSection
	GlobalSection(NestedProjects) = preSolution
		{B342A037-8B72-47E2-A16D-EE05C1D79603} = {18A044AE-91C4-48B0-AD7A-BCAC2FB995F6}
		{A857805A-EA44-4D3B-B68B-8E4DFBF9C9E2} = {576331FE-46E3-4F89-9EE8-DF7140472F16}
		{21C1D826-A3DA-4D84-8B9E-0405386591B7} = {8DC746A0-C297-416D-B674-8F63959016A6}
		{6C4F3ACA-6A3B-42B5-B2A7-924306CF2E5D} = {576331FE-46E3-4F89-9EE8-DF7140472F16}
		{19DC2903-0ED7-4B62-A2F5-0D800C0FA0C5} = {8DC746A0-C297-416D-B674-8F63959016A6}
		{D918B455-A7EA-4299-93D7-BAF3ED3B29C9} = {8DC746A0-C297-416D-B674-8F63959016A6}
		{1F438125-2086-4357-B890-E7C05A4FD605} = {8DC746A0-C297-416D-B674-8F63959016A6}
		{78525819-1943-48D7-BF2B-7924D69FF47C} = {8DC746A0-C297-416D-B674-8F63959016A6}
		{46A11846-DC04-4FC8-8455-2E18043F1BD9} = {8DC746A0-C297-416D-B674-8F63959016A6}
		{6AD368E3-2486-4798-9B5E-79C26BA5A8CE} = {576331FE-46E3-4F89-9EE8-DF7140472F16}
		{5682BF16-87AE-48F4-8F6A-5455E9ECF9AF} = {576331FE-46E3-4F89-9EE8-DF7140472F16}
		{331FFB18-D09A-4126-8C73-516F8980EAE8} = {576331FE-46E3-4F89-9EE8-DF7140472F16}
		{7D217A80-5817-4689-BF87-307269098DC4} = {576331FE-46E3-4F89-9EE8-DF7140472F16}
		{46AF4452-D3D5-498D-9A1F-EFC03AD0FADC} = {18A044AE-91C4-48B0-AD7A-BCAC2FB995F6}
		{8B9CC7B6-E2C1-4917-BDD8-C5D8228FFA50} = {18A044AE-91C4-48B0-AD7A-BCAC2FB995F6}
		{4FE62B42-0340-4042-9655-E394643D4DAD} = {18A044AE-91C4-48B0-AD7A-BCAC2FB995F6}
		{FC70FDB8-186C-488B-AC62-8FAC262449C2} = {18A044AE-91C4-48B0-AD7A-BCAC2FB995F6}
	EndGlobalSection
	GlobalSection(ExtensibilityGlobals) = postSolution
		SolutionGuid = {7DDABD09-DCFC-4DD2-996C-EDD241D1D1F0}
	EndGlobalSection
EndGlobal
