
Microsoft Visual Studio Solution File, Format Version 12.00
# Visual Studio 15
VisualStudioVersion = 15.0.27004.2006
MinimumVisualStudioVersion = 10.0.40219.1
Project("{FAE04EC0-301F-11D3-BF4B-00C04F79EFBC}") = "P01_StudentSystem", "P01_StudentSystem\P01_StudentSystem.csproj", "{70DDC658-BD1E-4D2D-84EB-4111BBE02723}"
EndProject
Project("{FAE04EC0-301F-11D3-BF4B-00C04F79EFBC}") = "StudentSystemDatabase", "StudentSystemDatabase\StudentSystemDatabase.csproj", "{569810DA-DC3A-4F25-A113-D38800F60492}"
EndProject
Project("{FAE04EC0-301F-11D3-BF4B-00C04F79EFBC}") = "StudentSystemModels", "StudentSystemModels\StudentSystemModels.csproj", "{B4A6A2C1-3C96-4818-B8E2-9E6D8200F905}"
EndProject
Global
	GlobalSection(SolutionConfigurationPlatforms) = preSolution
		Debug|Any CPU = Debug|Any CPU
		Release|Any CPU = Release|Any CPU
	EndGlobalSection
	GlobalSection(ProjectConfigurationPlatforms) = postSolution
		{70DDC658-BD1E-4D2D-84EB-4111BBE02723}.Debug|Any CPU.ActiveCfg = Debug|Any CPU
		{70DDC658-BD1E-4D2D-84EB-4111BBE02723}.Debug|Any CPU.Build.0 = Debug|Any CPU
		{70DDC658-BD1E-4D2D-84EB-4111BBE02723}.Release|Any CPU.ActiveCfg = Release|Any CPU
		{70DDC658-BD1E-4D2D-84EB-4111BBE02723}.Release|Any CPU.Build.0 = Release|Any CPU
		{569810DA-DC3A-4F25-A113-D38800F60492}.Debug|Any CPU.ActiveCfg = Debug|Any CPU
		{569810DA-DC3A-4F25-A113-D38800F60492}.Debug|Any CPU.Build.0 = Debug|Any CPU
		{569810DA-DC3A-4F25-A113-D38800F60492}.Release|Any CPU.ActiveCfg = Release|Any CPU
		{569810DA-DC3A-4F25-A113-D38800F60492}.Release|Any CPU.Build.0 = Release|Any CPU
		{B4A6A2C1-3C96-4818-B8E2-9E6D8200F905}.Debug|Any CPU.ActiveCfg = Debug|Any CPU
		{B4A6A2C1-3C96-4818-B8E2-9E6D8200F905}.Debug|Any CPU.Build.0 = Debug|Any CPU
		{B4A6A2C1-3C96-4818-B8E2-9E6D8200F905}.Release|Any CPU.ActiveCfg = Release|Any CPU
		{B4A6A2C1-3C96-4818-B8E2-9E6D8200F905}.Release|Any CPU.Build.0 = Release|Any CPU
	EndGlobalSection
	GlobalSection(SolutionProperties) = preSolution
		HideSolutionNode = FALSE
	EndGlobalSection
	GlobalSection(ExtensibilityGlobals) = postSolution
		SolutionGuid = {F00CCC18-76F9-4A30-A588-109235C0E081}
	EndGlobalSection
EndGlobal
