
Microsoft Visual Studio Solution File, Format Version 12.00
# Visual Studio 15
VisualStudioVersion = 15.0.28010.2050
MinimumVisualStudioVersion = 10.0.40219.1
Project("{FAE04EC0-301F-11D3-BF4B-00C04F79EFBC}") = "WebApp", "WebApp\WebApp.csproj", "{4555B5C6-520F-4340-ACFB-87F80C40A6A2}"
EndProject
Project("{FAE04EC0-301F-11D3-BF4B-00C04F79EFBC}") = "Data", "Data\Data.csproj", "{DE228CF0-6009-492D-A428-C15E3013A338}"
EndProject
Project("{FAE04EC0-301F-11D3-BF4B-00C04F79EFBC}") = "Models", "Models\Models.csproj", "{6E2BECED-2E23-4539-ABDD-C09EAD1B29FC}"
EndProject
Global
	GlobalSection(SolutionConfigurationPlatforms) = preSolution
		Debug|Any CPU = Debug|Any CPU
		Release|Any CPU = Release|Any CPU
	EndGlobalSection
	GlobalSection(ProjectConfigurationPlatforms) = postSolution
		{4555B5C6-520F-4340-ACFB-87F80C40A6A2}.Debug|Any CPU.ActiveCfg = Debug|Any CPU
		{4555B5C6-520F-4340-ACFB-87F80C40A6A2}.Debug|Any CPU.Build.0 = Debug|Any CPU
		{4555B5C6-520F-4340-ACFB-87F80C40A6A2}.Release|Any CPU.ActiveCfg = Release|Any CPU
		{4555B5C6-520F-4340-ACFB-87F80C40A6A2}.Release|Any CPU.Build.0 = Release|Any CPU
		{DE228CF0-6009-492D-A428-C15E3013A338}.Debug|Any CPU.ActiveCfg = Debug|Any CPU
		{DE228CF0-6009-492D-A428-C15E3013A338}.Debug|Any CPU.Build.0 = Debug|Any CPU
		{DE228CF0-6009-492D-A428-C15E3013A338}.Release|Any CPU.ActiveCfg = Release|Any CPU
		{DE228CF0-6009-492D-A428-C15E3013A338}.Release|Any CPU.Build.0 = Release|Any CPU
		{6E2BECED-2E23-4539-ABDD-C09EAD1B29FC}.Debug|Any CPU.ActiveCfg = Debug|Any CPU
		{6E2BECED-2E23-4539-ABDD-C09EAD1B29FC}.Debug|Any CPU.Build.0 = Debug|Any CPU
		{6E2BECED-2E23-4539-ABDD-C09EAD1B29FC}.Release|Any CPU.ActiveCfg = Release|Any CPU
		{6E2BECED-2E23-4539-ABDD-C09EAD1B29FC}.Release|Any CPU.Build.0 = Release|Any CPU
	EndGlobalSection
	GlobalSection(SolutionProperties) = preSolution
		HideSolutionNode = FALSE
	EndGlobalSection
	GlobalSection(ExtensibilityGlobals) = postSolution
		SolutionGuid = {1835367B-06ED-4680-BB24-12965C67F4BF}
	EndGlobalSection
EndGlobal
